
Microsoft Visual Studio Solution File, Format Version 12.00
# Visual Studio 14
VisualStudioVersion = 14.0.23107.0
MinimumVisualStudioVersion = 10.0.40219.1
Project("{FAE04EC0-301F-11D3-BF4B-00C04F79EFBC}") = "_00Mediation", "Mediation\_00Mediation.csproj", "{1A64E6F9-903C-416C-B322-1B5C5D997001}"
EndProject
Project("{FAE04EC0-301F-11D3-BF4B-00C04F79EFBC}") = "UtilBackup", "UtilBackup\UtilBackup.csproj", "{CB04169B-970F-4AD6-8854-050FCBDFDAF0}"
EndProject
Project("{FAE04EC0-301F-11D3-BF4B-00C04F79EFBC}") = "UtilInstallConfig", "UtilInstallConfig\UtilInstallConfig.csproj", "{4BAD4F1B-28C9-4C71-8282-894D2C1CD7F1}"
EndProject
Project("{FAE04EC0-301F-11D3-BF4B-00C04F79EFBC}") = "util_DateParser", "util_DateParser\util_DateParser.csproj", "{7FD63752-881B-4147-BC48-83DEBE13EC01}"
EndProject
Project("{FAE04EC0-301F-11D3-BF4B-00C04F79EFBC}") = "mefServiceFamilies", "_ServiceFamilies\mefServiceFamilies.csproj", "{EF80C1E3-4017-4019-BA8C-411723C462B4}"
EndProject
Project("{FAE04EC0-301F-11D3-BF4B-00C04F79EFBC}") = "mefServiceGroups", "_ServiceGroups\mefServiceGroups.csproj", "{D9FFC405-8711-4288-ADF7-7144475CD5EC}"
EndProject
Project("{FAE04EC0-301F-11D3-BF4B-00C04F79EFBC}") = "mefDecoder", "_Decoder\mefDecoder.csproj", "{B9D5BCA5-B181-41E6-B5C6-7192F54DDC21}"
EndProject
Project("{FAE04EC0-301F-11D3-BF4B-00C04F79EFBC}") = "mefPartnerRules", "_PartnerRules\mefPartnerRules.csproj", "{30194B7E-6D02-418E-A40D-7DD268849CC8}"
EndProject
Project("{FAE04EC0-301F-11D3-BF4B-00C04F79EFBC}") = "mefJobs", "_Jobs\mefJobs.csproj", "{1547F11A-F3C7-4F92-AE9E-D9783FCD8A5D}"
EndProject
Project("{FAE04EC0-301F-11D3-BF4B-00C04F79EFBC}") = "mefProcess", "_Process\mefProcess.csproj", "{E952FD65-D1DA-4637-AFFD-DA73F990C5FD}"
EndProject
Project("{FAE04EC0-301F-11D3-BF4B-00C04F79EFBC}") = "mefRsFormat", "_rsFormat\mefRsFormat.csproj", "{16359F77-6806-4055-A555-C9C5CF3142DD}"
EndProject
Project("{FAE04EC0-301F-11D3-BF4B-00C04F79EFBC}") = "mefDisplayClass", "_DisplayClass\mefDisplayClass.csproj", "{ED728C10-7122-46FF-9278-4174A2098CF3}"
EndProject
Project("{FAE04EC0-301F-11D3-BF4B-00C04F79EFBC}") = "mefJcLCR", "_jcLCR\mefJcLCR.csproj", "{A9564CF3-228C-4CC7-9A8B-4B518907305B}"
EndProject
Project("{FAE04EC0-301F-11D3-BF4B-00C04F79EFBC}") = "mefRateTaskSerializer", "Portal\RateTaskSerializer\mefRateTaskSerializer.csproj", "{0A9E56E7-B6EB-483D-A508-F04B34CC874F}"
EndProject
Project("{FAE04EC0-301F-11D3-BF4B-00C04F79EFBC}") = "mefReports", "_reports\mefReports.csproj", "{55EFB5B8-DA1F-4B4B-B92A-BBE905106580}"
EndProject
Project("{FAE04EC0-301F-11D3-BF4B-00C04F79EFBC}") = "AspNet.Identity.MySQL", "AspNet.Identity.MySQL\AspNet.Identity.MySQL.csproj", "{26F6ECF9-4369-417B-8CF2-54FA92DF3660}"
EndProject
Project("{2150E333-8FDC-42A3-9474-1A3956D46DE8}") = "03_Mediation", "03_Mediation", "{69B72FFA-D190-4C4C-8E6D-5C12E72E8515}"
EndProject
Project("{2150E333-8FDC-42A3-9474-1A3956D46DE8}") = "MEF", "MEF", "{9B52CFB9-24E2-4113-91C4-DE7DD46A0B6C}"
EndProject
Project("{2150E333-8FDC-42A3-9474-1A3956D46DE8}") = "Models", "Models", "{7DBCC461-0477-468B-A676-ED647B097BA4}"
EndProject
Project("{2150E333-8FDC-42A3-9474-1A3956D46DE8}") = "Utils", "Utils", "{F2EBE54E-32B0-4FA9-8B7C-9C2502DC5F7C}"
EndProject
Project("{2150E333-8FDC-42A3-9474-1A3956D46DE8}") = "02_WebApp", "02_WebApp", "{F300A5B7-26F3-4D3E-9EF5-33EBE722C289}"
EndProject
Project("{FAE04EC0-301F-11D3-BF4B-00C04F79EFBC}") = "Models_Mediation", "Models_Mediation\Models_Mediation.csproj", "{4282D6F4-EFD2-418A-BE9F-74F09B7A45D8}"
EndProject
Project("{FAE04EC0-301F-11D3-BF4B-00C04F79EFBC}") = "mefProductAndSubscriptions", "ProductAndSubscriptions\mefProductAndSubscriptions.csproj", "{EC4DE05E-1EB8-4205-A7C3-8FBF31E14D66}"
EndProject
Project("{FAE04EC0-301F-11D3-BF4B-00C04F79EFBC}") = "LibraryExtensions", "LibraryExtensions\LibraryExtensions.csproj", "{D4C2F34D-4D3D-43AE-84F0-E80CFEDB1B48}"
EndProject
Project("{FAE04EC0-301F-11D3-BF4B-00C04F79EFBC}") = "CrystalQuarts.Samples.Common", "CrystalQuarts.Samples.Common\CrystalQuarts.Samples.Common.csproj", "{155D162E-B22F-49DE-8ACA-94DFDBC9F7E8}"
EndProject
Project("{FAE04EC0-301F-11D3-BF4B-00C04F79EFBC}") = "QuartzTelcobright", "QuartzTelcobright\QuartzTelcobright.csproj", "{4DC3E3DE-5ED6-4B02-ABF1-B66F77B0DC6B}"
EndProject
Project("{FAE04EC0-301F-11D3-BF4B-00C04F79EFBC}") = "WS_Topshelf_Quartz", "WS_Topshelf_Quartz\WS_Topshelf_Quartz.csproj", "{79C3D98E-24B6-473C-AA19-C5D272C20883}"
EndProject
Project("{FAE04EC0-301F-11D3-BF4B-00C04F79EFBC}") = "FlexValidation", "FlexValidation\FlexValidation.csproj", "{18396CBF-0500-4924-AC33-9ED359CA60D7}"
EndProject
Project("{FAE04EC0-301F-11D3-BF4B-00C04F79EFBC}") = "mefNERRules", "_NERRules\mefNERRules.csproj", "{B10BD6DE-255F-4628-9942-09C7EE59F162}"
EndProject
Project("{2150E333-8FDC-42A3-9474-1A3956D46DE8}") = "01_Lib", "01_Lib", "{7541485A-F1E4-457C-8913-03E8B6A1D2C8}"
	ProjectSection(SolutionItems) = preProject
		Lib\SshCommandRouter.dll = Lib\SshCommandRouter.dll
	EndProjectSection
EndProject
Project("{FAE04EC0-301F-11D3-BF4B-00C04F79EFBC}") = "mefCdrRules", "CdrRules\mefCdrRules.csproj", "{7E569C06-1C0D-407C-8DFD-1386D810E330}"
EndProject
Project("{FAE04EC0-301F-11D3-BF4B-00C04F79EFBC}") = "mefCdrValidationRules", "CdrValidationRules\mefCdrValidationRules.csproj", "{1CB7107D-88C4-4759-8158-243C5273EC3E}"
EndProject
Project("{FAE04EC0-301F-11D3-BF4B-00C04F79EFBC}") = "PowerCollections", "PowerCollections\PowerCollections.csproj", "{5821977D-AC2C-4912-BCD0-6E6B1A756167}"
EndProject
Project("{2150E333-8FDC-42A3-9474-1A3956D46DE8}") = "Solution Items", "Solution Items", "{B997CDDB-66C5-41C6-AD83-95EF688083A7}"
	ProjectSection(SolutionItems) = preProject
		Todo.txt = Todo.txt
	EndProjectSection
EndProject
Project("{FAE04EC0-301F-11D3-BF4B-00C04F79EFBC}") = "mefInvoiceGenerationRules", "InvoiceGenerationRules\mefInvoiceGenerationRules.csproj", "{20D526C9-683E-44EC-910E-FBCA1FE4EA2F}"
EndProject
Project("{FAE04EC0-301F-11D3-BF4B-00C04F79EFBC}") = "mefInvoice", "ReportGenerator\mefInvoice.csproj", "{026CA12F-1A70-430B-AA9F-846D4D461B91}"
EndProject
Project("{FAE04EC0-301F-11D3-BF4B-00C04F79EFBC}") = "mefInvoiceSectionGenerator", "InvoiceSectionGenerator\mefInvoiceSectionGenerator.csproj", "{05799F72-74F5-4CFF-AD96-D997DCBF6D87}"
EndProject
Project("{FAE04EC0-301F-11D3-BF4B-00C04F79EFBC}") = "mefDigitRules", "DigitRules\mefDigitRules.csproj", "{7E4C0181-C13E-4E45-8996-6017C3B90C81}"
EndProject
Project("{FAE04EC0-301F-11D3-BF4B-00C04F79EFBC}") = "mefTimeCycles", "TimeCycles\mefTimeCycles.csproj", "{772D1251-32E5-448D-8D00-C27199CC637A}"
EndProject
Project("{FAE04EC0-301F-11D3-BF4B-00C04F79EFBC}") = "mefServiceGroupsPreProcessor", "ServiceGroupsPreProcessor\mefServiceGroupsPreProcessor.csproj", "{E38E73FA-0774-4647-B317-B22D7DDD03CC}"
EndProject
Project("{FAE04EC0-301F-11D3-BF4B-00C04F79EFBC}") = "mefSwitchOperation", "mefSwitchOperation\mefSwitchOperation.csproj", "{8B7748F5-00F9-4C17-BA27-9C7706E7BF07}"
EndProject
Project("{FAE04EC0-301F-11D3-BF4B-00C04F79EFBC}") = "mefExceptionalCdrPreProcessor", "ExceptionalCdrPreProcessor\mefExceptionalCdrPreProcessor.csproj", "{2440D45D-6122-4661-82FE-E127129C6CB3}"
EndProject
Project("{FAE04EC0-301F-11D3-BF4B-00C04F79EFBC}") = "CataleyaSdrExtractor", "CataleySdrExtractor\CataleyaSdrExtractor.csproj", "{B6601454-C94C-45B0-AADE-6A71F6C9C71C}"
EndProject
Project("{FAE04EC0-301F-11D3-BF4B-00C04F79EFBC}") = "WatchDog", "WatchDog\WatchDog.csproj", "{012C3A18-3C63-4422-BBBD-52F63F55B644}"
EndProject
Project("{FAE04EC0-301F-11D3-BF4B-00C04F79EFBC}") = "WsTest", "WsTest\WsTest.csproj", "{5D2F57F1-8B91-46BC-BB57-DA6DA2056C4C}"
EndProject
Project("{FAE04EC0-301F-11D3-BF4B-00C04F79EFBC}") = "mefAutomations", "Automations\mefAutomations.csproj", "{6E8A53E8-C202-47D5-A310-918A2ED8D863}"
EndProject
Project("{FAE04EC0-301F-11D3-BF4B-00C04F79EFBC}") = "Portal", "Portal\Portal.csproj", "{CB76CFD6-1D41-4AF5-9112-66647A5F20B7}"
EndProject
Global
	GlobalSection(SolutionConfigurationPlatforms) = preSolution
		Debug|Any CPU = Debug|Any CPU
		Debug|Mixed Platforms = Debug|Mixed Platforms
		Debug|x64 = Debug|x64
		Debug|x86 = Debug|x86
		Release|Any CPU = Release|Any CPU
		Release|Mixed Platforms = Release|Mixed Platforms
		Release|x64 = Release|x64
		Release|x86 = Release|x86
	EndGlobalSection
	GlobalSection(ProjectConfigurationPlatforms) = postSolution
		{1A64E6F9-903C-416C-B322-1B5C5D997001}.Debug|Any CPU.ActiveCfg = Debug|Any CPU
		{1A64E6F9-903C-416C-B322-1B5C5D997001}.Debug|Any CPU.Build.0 = Debug|Any CPU
		{1A64E6F9-903C-416C-B322-1B5C5D997001}.Debug|Mixed Platforms.ActiveCfg = Debug|Any CPU
		{1A64E6F9-903C-416C-B322-1B5C5D997001}.Debug|Mixed Platforms.Build.0 = Debug|Any CPU
		{1A64E6F9-903C-416C-B322-1B5C5D997001}.Debug|x64.ActiveCfg = Debug|Any CPU
		{1A64E6F9-903C-416C-B322-1B5C5D997001}.Debug|x86.ActiveCfg = Debug|Any CPU
		{1A64E6F9-903C-416C-B322-1B5C5D997001}.Release|Any CPU.ActiveCfg = Release|Any CPU
		{1A64E6F9-903C-416C-B322-1B5C5D997001}.Release|Any CPU.Build.0 = Release|Any CPU
		{1A64E6F9-903C-416C-B322-1B5C5D997001}.Release|Mixed Platforms.ActiveCfg = Release|Any CPU
		{1A64E6F9-903C-416C-B322-1B5C5D997001}.Release|Mixed Platforms.Build.0 = Release|Any CPU
		{1A64E6F9-903C-416C-B322-1B5C5D997001}.Release|x64.ActiveCfg = Release|Any CPU
		{1A64E6F9-903C-416C-B322-1B5C5D997001}.Release|x64.Build.0 = Release|Any CPU
		{1A64E6F9-903C-416C-B322-1B5C5D997001}.Release|x86.ActiveCfg = Release|Any CPU
		{CB04169B-970F-4AD6-8854-050FCBDFDAF0}.Debug|Any CPU.ActiveCfg = Debug|Any CPU
		{CB04169B-970F-4AD6-8854-050FCBDFDAF0}.Debug|Any CPU.Build.0 = Debug|Any CPU
		{CB04169B-970F-4AD6-8854-050FCBDFDAF0}.Debug|Mixed Platforms.ActiveCfg = Debug|Any CPU
		{CB04169B-970F-4AD6-8854-050FCBDFDAF0}.Debug|Mixed Platforms.Build.0 = Debug|Any CPU
		{CB04169B-970F-4AD6-8854-050FCBDFDAF0}.Debug|x64.ActiveCfg = Debug|Any CPU
		{CB04169B-970F-4AD6-8854-050FCBDFDAF0}.Debug|x64.Build.0 = Debug|Any CPU
		{CB04169B-970F-4AD6-8854-050FCBDFDAF0}.Debug|x86.ActiveCfg = Debug|Any CPU
		{CB04169B-970F-4AD6-8854-050FCBDFDAF0}.Debug|x86.Build.0 = Debug|Any CPU
		{CB04169B-970F-4AD6-8854-050FCBDFDAF0}.Release|Any CPU.ActiveCfg = Release|Any CPU
		{CB04169B-970F-4AD6-8854-050FCBDFDAF0}.Release|Any CPU.Build.0 = Release|Any CPU
		{CB04169B-970F-4AD6-8854-050FCBDFDAF0}.Release|Mixed Platforms.ActiveCfg = Release|Any CPU
		{CB04169B-970F-4AD6-8854-050FCBDFDAF0}.Release|Mixed Platforms.Build.0 = Release|Any CPU
		{CB04169B-970F-4AD6-8854-050FCBDFDAF0}.Release|x64.ActiveCfg = Release|Any CPU
		{CB04169B-970F-4AD6-8854-050FCBDFDAF0}.Release|x64.Build.0 = Release|Any CPU
		{CB04169B-970F-4AD6-8854-050FCBDFDAF0}.Release|x86.ActiveCfg = Release|Any CPU
		{CB04169B-970F-4AD6-8854-050FCBDFDAF0}.Release|x86.Build.0 = Release|Any CPU
		{4BAD4F1B-28C9-4C71-8282-894D2C1CD7F1}.Debug|Any CPU.ActiveCfg = Debug|Any CPU
		{4BAD4F1B-28C9-4C71-8282-894D2C1CD7F1}.Debug|Any CPU.Build.0 = Debug|Any CPU
		{4BAD4F1B-28C9-4C71-8282-894D2C1CD7F1}.Debug|Mixed Platforms.ActiveCfg = Debug|Any CPU
		{4BAD4F1B-28C9-4C71-8282-894D2C1CD7F1}.Debug|Mixed Platforms.Build.0 = Debug|Any CPU
		{4BAD4F1B-28C9-4C71-8282-894D2C1CD7F1}.Debug|x64.ActiveCfg = Debug|Any CPU
		{4BAD4F1B-28C9-4C71-8282-894D2C1CD7F1}.Debug|x64.Build.0 = Debug|Any CPU
		{4BAD4F1B-28C9-4C71-8282-894D2C1CD7F1}.Debug|x86.ActiveCfg = Debug|Any CPU
		{4BAD4F1B-28C9-4C71-8282-894D2C1CD7F1}.Debug|x86.Build.0 = Debug|Any CPU
		{4BAD4F1B-28C9-4C71-8282-894D2C1CD7F1}.Release|Any CPU.ActiveCfg = Release|Any CPU
		{4BAD4F1B-28C9-4C71-8282-894D2C1CD7F1}.Release|Any CPU.Build.0 = Release|Any CPU
		{4BAD4F1B-28C9-4C71-8282-894D2C1CD7F1}.Release|Mixed Platforms.ActiveCfg = Release|Any CPU
		{4BAD4F1B-28C9-4C71-8282-894D2C1CD7F1}.Release|Mixed Platforms.Build.0 = Release|Any CPU
		{4BAD4F1B-28C9-4C71-8282-894D2C1CD7F1}.Release|x64.ActiveCfg = Release|Any CPU
		{4BAD4F1B-28C9-4C71-8282-894D2C1CD7F1}.Release|x64.Build.0 = Release|Any CPU
		{4BAD4F1B-28C9-4C71-8282-894D2C1CD7F1}.Release|x86.ActiveCfg = Release|Any CPU
		{4BAD4F1B-28C9-4C71-8282-894D2C1CD7F1}.Release|x86.Build.0 = Release|Any CPU
		{7FD63752-881B-4147-BC48-83DEBE13EC01}.Debug|Any CPU.ActiveCfg = Debug|Any CPU
		{7FD63752-881B-4147-BC48-83DEBE13EC01}.Debug|Any CPU.Build.0 = Debug|Any CPU
		{7FD63752-881B-4147-BC48-83DEBE13EC01}.Debug|Mixed Platforms.ActiveCfg = Debug|Any CPU
		{7FD63752-881B-4147-BC48-83DEBE13EC01}.Debug|Mixed Platforms.Build.0 = Debug|Any CPU
		{7FD63752-881B-4147-BC48-83DEBE13EC01}.Debug|x64.ActiveCfg = Debug|Any CPU
		{7FD63752-881B-4147-BC48-83DEBE13EC01}.Debug|x64.Build.0 = Debug|Any CPU
		{7FD63752-881B-4147-BC48-83DEBE13EC01}.Debug|x86.ActiveCfg = Debug|Any CPU
		{7FD63752-881B-4147-BC48-83DEBE13EC01}.Debug|x86.Build.0 = Debug|Any CPU
		{7FD63752-881B-4147-BC48-83DEBE13EC01}.Release|Any CPU.ActiveCfg = Release|Any CPU
		{7FD63752-881B-4147-BC48-83DEBE13EC01}.Release|Any CPU.Build.0 = Release|Any CPU
		{7FD63752-881B-4147-BC48-83DEBE13EC01}.Release|Mixed Platforms.ActiveCfg = Release|Any CPU
		{7FD63752-881B-4147-BC48-83DEBE13EC01}.Release|Mixed Platforms.Build.0 = Release|Any CPU
		{7FD63752-881B-4147-BC48-83DEBE13EC01}.Release|x64.ActiveCfg = Release|Any CPU
		{7FD63752-881B-4147-BC48-83DEBE13EC01}.Release|x64.Build.0 = Release|Any CPU
		{7FD63752-881B-4147-BC48-83DEBE13EC01}.Release|x86.ActiveCfg = Release|Any CPU
		{7FD63752-881B-4147-BC48-83DEBE13EC01}.Release|x86.Build.0 = Release|Any CPU
		{EF80C1E3-4017-4019-BA8C-411723C462B4}.Debug|Any CPU.ActiveCfg = Debug|Any CPU
		{EF80C1E3-4017-4019-BA8C-411723C462B4}.Debug|Any CPU.Build.0 = Debug|Any CPU
		{EF80C1E3-4017-4019-BA8C-411723C462B4}.Debug|Mixed Platforms.ActiveCfg = Debug|Any CPU
		{EF80C1E3-4017-4019-BA8C-411723C462B4}.Debug|Mixed Platforms.Build.0 = Debug|Any CPU
		{EF80C1E3-4017-4019-BA8C-411723C462B4}.Debug|x64.ActiveCfg = Debug|Any CPU
		{EF80C1E3-4017-4019-BA8C-411723C462B4}.Debug|x64.Build.0 = Debug|Any CPU
		{EF80C1E3-4017-4019-BA8C-411723C462B4}.Debug|x86.ActiveCfg = Debug|Any CPU
		{EF80C1E3-4017-4019-BA8C-411723C462B4}.Debug|x86.Build.0 = Debug|Any CPU
		{EF80C1E3-4017-4019-BA8C-411723C462B4}.Release|Any CPU.ActiveCfg = Release|Any CPU
		{EF80C1E3-4017-4019-BA8C-411723C462B4}.Release|Any CPU.Build.0 = Release|Any CPU
		{EF80C1E3-4017-4019-BA8C-411723C462B4}.Release|Mixed Platforms.ActiveCfg = Release|Any CPU
		{EF80C1E3-4017-4019-BA8C-411723C462B4}.Release|Mixed Platforms.Build.0 = Release|Any CPU
		{EF80C1E3-4017-4019-BA8C-411723C462B4}.Release|x64.ActiveCfg = Release|Any CPU
		{EF80C1E3-4017-4019-BA8C-411723C462B4}.Release|x64.Build.0 = Release|Any CPU
		{EF80C1E3-4017-4019-BA8C-411723C462B4}.Release|x86.ActiveCfg = Release|Any CPU
		{EF80C1E3-4017-4019-BA8C-411723C462B4}.Release|x86.Build.0 = Release|Any CPU
		{D9FFC405-8711-4288-ADF7-7144475CD5EC}.Debug|Any CPU.ActiveCfg = Debug|Any CPU
		{D9FFC405-8711-4288-ADF7-7144475CD5EC}.Debug|Any CPU.Build.0 = Debug|Any CPU
		{D9FFC405-8711-4288-ADF7-7144475CD5EC}.Debug|Mixed Platforms.ActiveCfg = Debug|Any CPU
		{D9FFC405-8711-4288-ADF7-7144475CD5EC}.Debug|Mixed Platforms.Build.0 = Debug|Any CPU
		{D9FFC405-8711-4288-ADF7-7144475CD5EC}.Debug|x64.ActiveCfg = Debug|Any CPU
		{D9FFC405-8711-4288-ADF7-7144475CD5EC}.Debug|x64.Build.0 = Debug|Any CPU
		{D9FFC405-8711-4288-ADF7-7144475CD5EC}.Debug|x86.ActiveCfg = Debug|Any CPU
		{D9FFC405-8711-4288-ADF7-7144475CD5EC}.Debug|x86.Build.0 = Debug|Any CPU
		{D9FFC405-8711-4288-ADF7-7144475CD5EC}.Release|Any CPU.ActiveCfg = Release|Any CPU
		{D9FFC405-8711-4288-ADF7-7144475CD5EC}.Release|Any CPU.Build.0 = Release|Any CPU
		{D9FFC405-8711-4288-ADF7-7144475CD5EC}.Release|Mixed Platforms.ActiveCfg = Release|Any CPU
		{D9FFC405-8711-4288-ADF7-7144475CD5EC}.Release|Mixed Platforms.Build.0 = Release|Any CPU
		{D9FFC405-8711-4288-ADF7-7144475CD5EC}.Release|x64.ActiveCfg = Release|Any CPU
		{D9FFC405-8711-4288-ADF7-7144475CD5EC}.Release|x64.Build.0 = Release|Any CPU
		{D9FFC405-8711-4288-ADF7-7144475CD5EC}.Release|x86.ActiveCfg = Release|Any CPU
		{D9FFC405-8711-4288-ADF7-7144475CD5EC}.Release|x86.Build.0 = Release|Any CPU
		{B9D5BCA5-B181-41E6-B5C6-7192F54DDC21}.Debug|Any CPU.ActiveCfg = Debug|Any CPU
		{B9D5BCA5-B181-41E6-B5C6-7192F54DDC21}.Debug|Any CPU.Build.0 = Debug|Any CPU
		{B9D5BCA5-B181-41E6-B5C6-7192F54DDC21}.Debug|Mixed Platforms.ActiveCfg = Debug|Any CPU
		{B9D5BCA5-B181-41E6-B5C6-7192F54DDC21}.Debug|Mixed Platforms.Build.0 = Debug|Any CPU
		{B9D5BCA5-B181-41E6-B5C6-7192F54DDC21}.Debug|x64.ActiveCfg = Debug|Any CPU
		{B9D5BCA5-B181-41E6-B5C6-7192F54DDC21}.Debug|x64.Build.0 = Debug|Any CPU
		{B9D5BCA5-B181-41E6-B5C6-7192F54DDC21}.Debug|x86.ActiveCfg = Debug|Any CPU
		{B9D5BCA5-B181-41E6-B5C6-7192F54DDC21}.Debug|x86.Build.0 = Debug|Any CPU
		{B9D5BCA5-B181-41E6-B5C6-7192F54DDC21}.Release|Any CPU.ActiveCfg = Release|Any CPU
		{B9D5BCA5-B181-41E6-B5C6-7192F54DDC21}.Release|Any CPU.Build.0 = Release|Any CPU
		{B9D5BCA5-B181-41E6-B5C6-7192F54DDC21}.Release|Mixed Platforms.ActiveCfg = Release|Any CPU
		{B9D5BCA5-B181-41E6-B5C6-7192F54DDC21}.Release|Mixed Platforms.Build.0 = Release|Any CPU
		{B9D5BCA5-B181-41E6-B5C6-7192F54DDC21}.Release|x64.ActiveCfg = Release|Any CPU
		{B9D5BCA5-B181-41E6-B5C6-7192F54DDC21}.Release|x64.Build.0 = Release|Any CPU
		{B9D5BCA5-B181-41E6-B5C6-7192F54DDC21}.Release|x86.ActiveCfg = Release|Any CPU
		{B9D5BCA5-B181-41E6-B5C6-7192F54DDC21}.Release|x86.Build.0 = Release|Any CPU
		{30194B7E-6D02-418E-A40D-7DD268849CC8}.Debug|Any CPU.ActiveCfg = Debug|Any CPU
		{30194B7E-6D02-418E-A40D-7DD268849CC8}.Debug|Any CPU.Build.0 = Debug|Any CPU
		{30194B7E-6D02-418E-A40D-7DD268849CC8}.Debug|Mixed Platforms.ActiveCfg = Debug|Any CPU
		{30194B7E-6D02-418E-A40D-7DD268849CC8}.Debug|Mixed Platforms.Build.0 = Debug|Any CPU
		{30194B7E-6D02-418E-A40D-7DD268849CC8}.Debug|x64.ActiveCfg = Debug|Any CPU
		{30194B7E-6D02-418E-A40D-7DD268849CC8}.Debug|x64.Build.0 = Debug|Any CPU
		{30194B7E-6D02-418E-A40D-7DD268849CC8}.Debug|x86.ActiveCfg = Debug|Any CPU
		{30194B7E-6D02-418E-A40D-7DD268849CC8}.Debug|x86.Build.0 = Debug|Any CPU
		{30194B7E-6D02-418E-A40D-7DD268849CC8}.Release|Any CPU.ActiveCfg = Release|Any CPU
		{30194B7E-6D02-418E-A40D-7DD268849CC8}.Release|Any CPU.Build.0 = Release|Any CPU
		{30194B7E-6D02-418E-A40D-7DD268849CC8}.Release|Mixed Platforms.ActiveCfg = Release|Any CPU
		{30194B7E-6D02-418E-A40D-7DD268849CC8}.Release|Mixed Platforms.Build.0 = Release|Any CPU
		{30194B7E-6D02-418E-A40D-7DD268849CC8}.Release|x64.ActiveCfg = Release|Any CPU
		{30194B7E-6D02-418E-A40D-7DD268849CC8}.Release|x64.Build.0 = Release|Any CPU
		{30194B7E-6D02-418E-A40D-7DD268849CC8}.Release|x86.ActiveCfg = Release|Any CPU
		{30194B7E-6D02-418E-A40D-7DD268849CC8}.Release|x86.Build.0 = Release|Any CPU
		{1547F11A-F3C7-4F92-AE9E-D9783FCD8A5D}.Debug|Any CPU.ActiveCfg = Debug|Any CPU
		{1547F11A-F3C7-4F92-AE9E-D9783FCD8A5D}.Debug|Any CPU.Build.0 = Debug|Any CPU
		{1547F11A-F3C7-4F92-AE9E-D9783FCD8A5D}.Debug|Mixed Platforms.ActiveCfg = Debug|Any CPU
		{1547F11A-F3C7-4F92-AE9E-D9783FCD8A5D}.Debug|Mixed Platforms.Build.0 = Debug|Any CPU
		{1547F11A-F3C7-4F92-AE9E-D9783FCD8A5D}.Debug|x64.ActiveCfg = Debug|Any CPU
		{1547F11A-F3C7-4F92-AE9E-D9783FCD8A5D}.Debug|x64.Build.0 = Debug|Any CPU
		{1547F11A-F3C7-4F92-AE9E-D9783FCD8A5D}.Debug|x86.ActiveCfg = Debug|Any CPU
		{1547F11A-F3C7-4F92-AE9E-D9783FCD8A5D}.Debug|x86.Build.0 = Debug|Any CPU
		{1547F11A-F3C7-4F92-AE9E-D9783FCD8A5D}.Release|Any CPU.ActiveCfg = Release|Any CPU
		{1547F11A-F3C7-4F92-AE9E-D9783FCD8A5D}.Release|Any CPU.Build.0 = Release|Any CPU
		{1547F11A-F3C7-4F92-AE9E-D9783FCD8A5D}.Release|Mixed Platforms.ActiveCfg = Release|Any CPU
		{1547F11A-F3C7-4F92-AE9E-D9783FCD8A5D}.Release|Mixed Platforms.Build.0 = Release|Any CPU
		{1547F11A-F3C7-4F92-AE9E-D9783FCD8A5D}.Release|x64.ActiveCfg = Release|Any CPU
		{1547F11A-F3C7-4F92-AE9E-D9783FCD8A5D}.Release|x64.Build.0 = Release|Any CPU
		{1547F11A-F3C7-4F92-AE9E-D9783FCD8A5D}.Release|x86.ActiveCfg = Release|Any CPU
		{1547F11A-F3C7-4F92-AE9E-D9783FCD8A5D}.Release|x86.Build.0 = Release|Any CPU
		{E952FD65-D1DA-4637-AFFD-DA73F990C5FD}.Debug|Any CPU.ActiveCfg = Debug|Any CPU
		{E952FD65-D1DA-4637-AFFD-DA73F990C5FD}.Debug|Any CPU.Build.0 = Debug|Any CPU
		{E952FD65-D1DA-4637-AFFD-DA73F990C5FD}.Debug|Mixed Platforms.ActiveCfg = Debug|Any CPU
		{E952FD65-D1DA-4637-AFFD-DA73F990C5FD}.Debug|Mixed Platforms.Build.0 = Debug|Any CPU
		{E952FD65-D1DA-4637-AFFD-DA73F990C5FD}.Debug|x64.ActiveCfg = Debug|Any CPU
		{E952FD65-D1DA-4637-AFFD-DA73F990C5FD}.Debug|x64.Build.0 = Debug|Any CPU
		{E952FD65-D1DA-4637-AFFD-DA73F990C5FD}.Debug|x86.ActiveCfg = Debug|Any CPU
		{E952FD65-D1DA-4637-AFFD-DA73F990C5FD}.Debug|x86.Build.0 = Debug|Any CPU
		{E952FD65-D1DA-4637-AFFD-DA73F990C5FD}.Release|Any CPU.ActiveCfg = Release|Any CPU
		{E952FD65-D1DA-4637-AFFD-DA73F990C5FD}.Release|Any CPU.Build.0 = Release|Any CPU
		{E952FD65-D1DA-4637-AFFD-DA73F990C5FD}.Release|Mixed Platforms.ActiveCfg = Release|Any CPU
		{E952FD65-D1DA-4637-AFFD-DA73F990C5FD}.Release|Mixed Platforms.Build.0 = Release|Any CPU
		{E952FD65-D1DA-4637-AFFD-DA73F990C5FD}.Release|x64.ActiveCfg = Release|Any CPU
		{E952FD65-D1DA-4637-AFFD-DA73F990C5FD}.Release|x64.Build.0 = Release|Any CPU
		{E952FD65-D1DA-4637-AFFD-DA73F990C5FD}.Release|x86.ActiveCfg = Release|Any CPU
		{E952FD65-D1DA-4637-AFFD-DA73F990C5FD}.Release|x86.Build.0 = Release|Any CPU
		{16359F77-6806-4055-A555-C9C5CF3142DD}.Debug|Any CPU.ActiveCfg = Debug|Any CPU
		{16359F77-6806-4055-A555-C9C5CF3142DD}.Debug|Any CPU.Build.0 = Debug|Any CPU
		{16359F77-6806-4055-A555-C9C5CF3142DD}.Debug|Mixed Platforms.ActiveCfg = Debug|Any CPU
		{16359F77-6806-4055-A555-C9C5CF3142DD}.Debug|Mixed Platforms.Build.0 = Debug|Any CPU
		{16359F77-6806-4055-A555-C9C5CF3142DD}.Debug|x64.ActiveCfg = Debug|Any CPU
		{16359F77-6806-4055-A555-C9C5CF3142DD}.Debug|x64.Build.0 = Debug|Any CPU
		{16359F77-6806-4055-A555-C9C5CF3142DD}.Debug|x86.ActiveCfg = Debug|Any CPU
		{16359F77-6806-4055-A555-C9C5CF3142DD}.Debug|x86.Build.0 = Debug|Any CPU
		{16359F77-6806-4055-A555-C9C5CF3142DD}.Release|Any CPU.ActiveCfg = Release|Any CPU
		{16359F77-6806-4055-A555-C9C5CF3142DD}.Release|Any CPU.Build.0 = Release|Any CPU
		{16359F77-6806-4055-A555-C9C5CF3142DD}.Release|Mixed Platforms.ActiveCfg = Release|Any CPU
		{16359F77-6806-4055-A555-C9C5CF3142DD}.Release|Mixed Platforms.Build.0 = Release|Any CPU
		{16359F77-6806-4055-A555-C9C5CF3142DD}.Release|x64.ActiveCfg = Release|Any CPU
		{16359F77-6806-4055-A555-C9C5CF3142DD}.Release|x64.Build.0 = Release|Any CPU
		{16359F77-6806-4055-A555-C9C5CF3142DD}.Release|x86.ActiveCfg = Release|Any CPU
		{16359F77-6806-4055-A555-C9C5CF3142DD}.Release|x86.Build.0 = Release|Any CPU
		{ED728C10-7122-46FF-9278-4174A2098CF3}.Debug|Any CPU.ActiveCfg = Debug|Any CPU
		{ED728C10-7122-46FF-9278-4174A2098CF3}.Debug|Any CPU.Build.0 = Debug|Any CPU
		{ED728C10-7122-46FF-9278-4174A2098CF3}.Debug|Mixed Platforms.ActiveCfg = Debug|Any CPU
		{ED728C10-7122-46FF-9278-4174A2098CF3}.Debug|Mixed Platforms.Build.0 = Debug|Any CPU
		{ED728C10-7122-46FF-9278-4174A2098CF3}.Debug|x64.ActiveCfg = Debug|Any CPU
		{ED728C10-7122-46FF-9278-4174A2098CF3}.Debug|x64.Build.0 = Debug|Any CPU
		{ED728C10-7122-46FF-9278-4174A2098CF3}.Debug|x86.ActiveCfg = Debug|Any CPU
		{ED728C10-7122-46FF-9278-4174A2098CF3}.Debug|x86.Build.0 = Debug|Any CPU
		{ED728C10-7122-46FF-9278-4174A2098CF3}.Release|Any CPU.ActiveCfg = Release|Any CPU
		{ED728C10-7122-46FF-9278-4174A2098CF3}.Release|Any CPU.Build.0 = Release|Any CPU
		{ED728C10-7122-46FF-9278-4174A2098CF3}.Release|Mixed Platforms.ActiveCfg = Release|Any CPU
		{ED728C10-7122-46FF-9278-4174A2098CF3}.Release|Mixed Platforms.Build.0 = Release|Any CPU
		{ED728C10-7122-46FF-9278-4174A2098CF3}.Release|x64.ActiveCfg = Release|Any CPU
		{ED728C10-7122-46FF-9278-4174A2098CF3}.Release|x64.Build.0 = Release|Any CPU
		{ED728C10-7122-46FF-9278-4174A2098CF3}.Release|x86.ActiveCfg = Release|Any CPU
		{ED728C10-7122-46FF-9278-4174A2098CF3}.Release|x86.Build.0 = Release|Any CPU
		{A9564CF3-228C-4CC7-9A8B-4B518907305B}.Debug|Any CPU.ActiveCfg = Debug|Any CPU
		{A9564CF3-228C-4CC7-9A8B-4B518907305B}.Debug|Any CPU.Build.0 = Debug|Any CPU
		{A9564CF3-228C-4CC7-9A8B-4B518907305B}.Debug|Mixed Platforms.ActiveCfg = Debug|Any CPU
		{A9564CF3-228C-4CC7-9A8B-4B518907305B}.Debug|Mixed Platforms.Build.0 = Debug|Any CPU
		{A9564CF3-228C-4CC7-9A8B-4B518907305B}.Debug|x64.ActiveCfg = Debug|Any CPU
		{A9564CF3-228C-4CC7-9A8B-4B518907305B}.Debug|x64.Build.0 = Debug|Any CPU
		{A9564CF3-228C-4CC7-9A8B-4B518907305B}.Debug|x86.ActiveCfg = Debug|Any CPU
		{A9564CF3-228C-4CC7-9A8B-4B518907305B}.Debug|x86.Build.0 = Debug|Any CPU
		{A9564CF3-228C-4CC7-9A8B-4B518907305B}.Release|Any CPU.ActiveCfg = Release|Any CPU
		{A9564CF3-228C-4CC7-9A8B-4B518907305B}.Release|Any CPU.Build.0 = Release|Any CPU
		{A9564CF3-228C-4CC7-9A8B-4B518907305B}.Release|Mixed Platforms.ActiveCfg = Release|Any CPU
		{A9564CF3-228C-4CC7-9A8B-4B518907305B}.Release|Mixed Platforms.Build.0 = Release|Any CPU
		{A9564CF3-228C-4CC7-9A8B-4B518907305B}.Release|x64.ActiveCfg = Release|Any CPU
		{A9564CF3-228C-4CC7-9A8B-4B518907305B}.Release|x64.Build.0 = Release|Any CPU
		{A9564CF3-228C-4CC7-9A8B-4B518907305B}.Release|x86.ActiveCfg = Release|Any CPU
		{A9564CF3-228C-4CC7-9A8B-4B518907305B}.Release|x86.Build.0 = Release|Any CPU
		{0A9E56E7-B6EB-483D-A508-F04B34CC874F}.Debug|Any CPU.ActiveCfg = Debug|Any CPU
		{0A9E56E7-B6EB-483D-A508-F04B34CC874F}.Debug|Any CPU.Build.0 = Debug|Any CPU
		{0A9E56E7-B6EB-483D-A508-F04B34CC874F}.Debug|Mixed Platforms.ActiveCfg = Debug|Any CPU
		{0A9E56E7-B6EB-483D-A508-F04B34CC874F}.Debug|Mixed Platforms.Build.0 = Debug|Any CPU
		{0A9E56E7-B6EB-483D-A508-F04B34CC874F}.Debug|x64.ActiveCfg = Debug|Any CPU
		{0A9E56E7-B6EB-483D-A508-F04B34CC874F}.Debug|x64.Build.0 = Debug|Any CPU
		{0A9E56E7-B6EB-483D-A508-F04B34CC874F}.Debug|x86.ActiveCfg = Debug|Any CPU
		{0A9E56E7-B6EB-483D-A508-F04B34CC874F}.Debug|x86.Build.0 = Debug|Any CPU
		{0A9E56E7-B6EB-483D-A508-F04B34CC874F}.Release|Any CPU.ActiveCfg = Release|Any CPU
		{0A9E56E7-B6EB-483D-A508-F04B34CC874F}.Release|Any CPU.Build.0 = Release|Any CPU
		{0A9E56E7-B6EB-483D-A508-F04B34CC874F}.Release|Mixed Platforms.ActiveCfg = Release|Any CPU
		{0A9E56E7-B6EB-483D-A508-F04B34CC874F}.Release|Mixed Platforms.Build.0 = Release|Any CPU
		{0A9E56E7-B6EB-483D-A508-F04B34CC874F}.Release|x64.ActiveCfg = Release|Any CPU
		{0A9E56E7-B6EB-483D-A508-F04B34CC874F}.Release|x64.Build.0 = Release|Any CPU
		{0A9E56E7-B6EB-483D-A508-F04B34CC874F}.Release|x86.ActiveCfg = Release|Any CPU
		{0A9E56E7-B6EB-483D-A508-F04B34CC874F}.Release|x86.Build.0 = Release|Any CPU
		{55EFB5B8-DA1F-4B4B-B92A-BBE905106580}.Debug|Any CPU.ActiveCfg = Debug|Any CPU
		{55EFB5B8-DA1F-4B4B-B92A-BBE905106580}.Debug|Any CPU.Build.0 = Debug|Any CPU
		{55EFB5B8-DA1F-4B4B-B92A-BBE905106580}.Debug|Mixed Platforms.ActiveCfg = Debug|Any CPU
		{55EFB5B8-DA1F-4B4B-B92A-BBE905106580}.Debug|Mixed Platforms.Build.0 = Debug|Any CPU
		{55EFB5B8-DA1F-4B4B-B92A-BBE905106580}.Debug|x64.ActiveCfg = Debug|Any CPU
		{55EFB5B8-DA1F-4B4B-B92A-BBE905106580}.Debug|x64.Build.0 = Debug|Any CPU
		{55EFB5B8-DA1F-4B4B-B92A-BBE905106580}.Debug|x86.ActiveCfg = Debug|Any CPU
		{55EFB5B8-DA1F-4B4B-B92A-BBE905106580}.Debug|x86.Build.0 = Debug|Any CPU
		{55EFB5B8-DA1F-4B4B-B92A-BBE905106580}.Release|Any CPU.ActiveCfg = Release|Any CPU
		{55EFB5B8-DA1F-4B4B-B92A-BBE905106580}.Release|Any CPU.Build.0 = Release|Any CPU
		{55EFB5B8-DA1F-4B4B-B92A-BBE905106580}.Release|Mixed Platforms.ActiveCfg = Release|Any CPU
		{55EFB5B8-DA1F-4B4B-B92A-BBE905106580}.Release|Mixed Platforms.Build.0 = Release|Any CPU
		{55EFB5B8-DA1F-4B4B-B92A-BBE905106580}.Release|x64.ActiveCfg = Release|Any CPU
		{55EFB5B8-DA1F-4B4B-B92A-BBE905106580}.Release|x64.Build.0 = Release|Any CPU
		{55EFB5B8-DA1F-4B4B-B92A-BBE905106580}.Release|x86.ActiveCfg = Release|Any CPU
		{55EFB5B8-DA1F-4B4B-B92A-BBE905106580}.Release|x86.Build.0 = Release|Any CPU
		{26F6ECF9-4369-417B-8CF2-54FA92DF3660}.Debug|Any CPU.ActiveCfg = Debug|Any CPU
		{26F6ECF9-4369-417B-8CF2-54FA92DF3660}.Debug|Any CPU.Build.0 = Debug|Any CPU
		{26F6ECF9-4369-417B-8CF2-54FA92DF3660}.Debug|Mixed Platforms.ActiveCfg = Debug|Any CPU
		{26F6ECF9-4369-417B-8CF2-54FA92DF3660}.Debug|Mixed Platforms.Build.0 = Debug|Any CPU
		{26F6ECF9-4369-417B-8CF2-54FA92DF3660}.Debug|x64.ActiveCfg = Debug|Any CPU
		{26F6ECF9-4369-417B-8CF2-54FA92DF3660}.Debug|x64.Build.0 = Debug|Any CPU
		{26F6ECF9-4369-417B-8CF2-54FA92DF3660}.Debug|x86.ActiveCfg = Debug|Any CPU
		{26F6ECF9-4369-417B-8CF2-54FA92DF3660}.Debug|x86.Build.0 = Debug|Any CPU
		{26F6ECF9-4369-417B-8CF2-54FA92DF3660}.Release|Any CPU.ActiveCfg = Release|Any CPU
		{26F6ECF9-4369-417B-8CF2-54FA92DF3660}.Release|Any CPU.Build.0 = Release|Any CPU
		{26F6ECF9-4369-417B-8CF2-54FA92DF3660}.Release|Mixed Platforms.ActiveCfg = Release|Any CPU
		{26F6ECF9-4369-417B-8CF2-54FA92DF3660}.Release|Mixed Platforms.Build.0 = Release|Any CPU
		{26F6ECF9-4369-417B-8CF2-54FA92DF3660}.Release|x64.ActiveCfg = Release|Any CPU
		{26F6ECF9-4369-417B-8CF2-54FA92DF3660}.Release|x64.Build.0 = Release|Any CPU
		{26F6ECF9-4369-417B-8CF2-54FA92DF3660}.Release|x86.ActiveCfg = Release|Any CPU
		{26F6ECF9-4369-417B-8CF2-54FA92DF3660}.Release|x86.Build.0 = Release|Any CPU
		{4282D6F4-EFD2-418A-BE9F-74F09B7A45D8}.Debug|Any CPU.ActiveCfg = Debug|Any CPU
		{4282D6F4-EFD2-418A-BE9F-74F09B7A45D8}.Debug|Any CPU.Build.0 = Debug|Any CPU
		{4282D6F4-EFD2-418A-BE9F-74F09B7A45D8}.Debug|Mixed Platforms.ActiveCfg = Debug|Any CPU
		{4282D6F4-EFD2-418A-BE9F-74F09B7A45D8}.Debug|Mixed Platforms.Build.0 = Debug|Any CPU
		{4282D6F4-EFD2-418A-BE9F-74F09B7A45D8}.Debug|x64.ActiveCfg = Debug|Any CPU
		{4282D6F4-EFD2-418A-BE9F-74F09B7A45D8}.Debug|x64.Build.0 = Debug|Any CPU
		{4282D6F4-EFD2-418A-BE9F-74F09B7A45D8}.Debug|x86.ActiveCfg = Debug|Any CPU
		{4282D6F4-EFD2-418A-BE9F-74F09B7A45D8}.Debug|x86.Build.0 = Debug|Any CPU
		{4282D6F4-EFD2-418A-BE9F-74F09B7A45D8}.Release|Any CPU.ActiveCfg = Release|Any CPU
		{4282D6F4-EFD2-418A-BE9F-74F09B7A45D8}.Release|Any CPU.Build.0 = Release|Any CPU
		{4282D6F4-EFD2-418A-BE9F-74F09B7A45D8}.Release|Mixed Platforms.ActiveCfg = Release|Any CPU
		{4282D6F4-EFD2-418A-BE9F-74F09B7A45D8}.Release|Mixed Platforms.Build.0 = Release|Any CPU
		{4282D6F4-EFD2-418A-BE9F-74F09B7A45D8}.Release|x64.ActiveCfg = Release|Any CPU
		{4282D6F4-EFD2-418A-BE9F-74F09B7A45D8}.Release|x64.Build.0 = Release|Any CPU
		{4282D6F4-EFD2-418A-BE9F-74F09B7A45D8}.Release|x86.ActiveCfg = Release|Any CPU
		{4282D6F4-EFD2-418A-BE9F-74F09B7A45D8}.Release|x86.Build.0 = Release|Any CPU
		{EC4DE05E-1EB8-4205-A7C3-8FBF31E14D66}.Debug|Any CPU.ActiveCfg = Debug|Any CPU
		{EC4DE05E-1EB8-4205-A7C3-8FBF31E14D66}.Debug|Any CPU.Build.0 = Debug|Any CPU
		{EC4DE05E-1EB8-4205-A7C3-8FBF31E14D66}.Debug|Mixed Platforms.ActiveCfg = Debug|Any CPU
		{EC4DE05E-1EB8-4205-A7C3-8FBF31E14D66}.Debug|Mixed Platforms.Build.0 = Debug|Any CPU
		{EC4DE05E-1EB8-4205-A7C3-8FBF31E14D66}.Debug|x64.ActiveCfg = Debug|Any CPU
		{EC4DE05E-1EB8-4205-A7C3-8FBF31E14D66}.Debug|x64.Build.0 = Debug|Any CPU
		{EC4DE05E-1EB8-4205-A7C3-8FBF31E14D66}.Debug|x86.ActiveCfg = Debug|Any CPU
		{EC4DE05E-1EB8-4205-A7C3-8FBF31E14D66}.Debug|x86.Build.0 = Debug|Any CPU
		{EC4DE05E-1EB8-4205-A7C3-8FBF31E14D66}.Release|Any CPU.ActiveCfg = Release|Any CPU
		{EC4DE05E-1EB8-4205-A7C3-8FBF31E14D66}.Release|Any CPU.Build.0 = Release|Any CPU
		{EC4DE05E-1EB8-4205-A7C3-8FBF31E14D66}.Release|Mixed Platforms.ActiveCfg = Release|Any CPU
		{EC4DE05E-1EB8-4205-A7C3-8FBF31E14D66}.Release|Mixed Platforms.Build.0 = Release|Any CPU
		{EC4DE05E-1EB8-4205-A7C3-8FBF31E14D66}.Release|x64.ActiveCfg = Release|Any CPU
		{EC4DE05E-1EB8-4205-A7C3-8FBF31E14D66}.Release|x64.Build.0 = Release|Any CPU
		{EC4DE05E-1EB8-4205-A7C3-8FBF31E14D66}.Release|x86.ActiveCfg = Release|Any CPU
		{EC4DE05E-1EB8-4205-A7C3-8FBF31E14D66}.Release|x86.Build.0 = Release|Any CPU
		{D4C2F34D-4D3D-43AE-84F0-E80CFEDB1B48}.Debug|Any CPU.ActiveCfg = Debug|Any CPU
		{D4C2F34D-4D3D-43AE-84F0-E80CFEDB1B48}.Debug|Any CPU.Build.0 = Debug|Any CPU
		{D4C2F34D-4D3D-43AE-84F0-E80CFEDB1B48}.Debug|Mixed Platforms.ActiveCfg = Debug|Any CPU
		{D4C2F34D-4D3D-43AE-84F0-E80CFEDB1B48}.Debug|Mixed Platforms.Build.0 = Debug|Any CPU
		{D4C2F34D-4D3D-43AE-84F0-E80CFEDB1B48}.Debug|x64.ActiveCfg = Debug|Any CPU
		{D4C2F34D-4D3D-43AE-84F0-E80CFEDB1B48}.Debug|x64.Build.0 = Debug|Any CPU
		{D4C2F34D-4D3D-43AE-84F0-E80CFEDB1B48}.Debug|x86.ActiveCfg = Debug|Any CPU
		{D4C2F34D-4D3D-43AE-84F0-E80CFEDB1B48}.Debug|x86.Build.0 = Debug|Any CPU
		{D4C2F34D-4D3D-43AE-84F0-E80CFEDB1B48}.Release|Any CPU.ActiveCfg = Release|Any CPU
		{D4C2F34D-4D3D-43AE-84F0-E80CFEDB1B48}.Release|Any CPU.Build.0 = Release|Any CPU
		{D4C2F34D-4D3D-43AE-84F0-E80CFEDB1B48}.Release|Mixed Platforms.ActiveCfg = Release|Any CPU
		{D4C2F34D-4D3D-43AE-84F0-E80CFEDB1B48}.Release|Mixed Platforms.Build.0 = Release|Any CPU
		{D4C2F34D-4D3D-43AE-84F0-E80CFEDB1B48}.Release|x64.ActiveCfg = Release|Any CPU
		{D4C2F34D-4D3D-43AE-84F0-E80CFEDB1B48}.Release|x64.Build.0 = Release|Any CPU
		{D4C2F34D-4D3D-43AE-84F0-E80CFEDB1B48}.Release|x86.ActiveCfg = Release|Any CPU
		{D4C2F34D-4D3D-43AE-84F0-E80CFEDB1B48}.Release|x86.Build.0 = Release|Any CPU
		{155D162E-B22F-49DE-8ACA-94DFDBC9F7E8}.Debug|Any CPU.ActiveCfg = Debug|Any CPU
		{155D162E-B22F-49DE-8ACA-94DFDBC9F7E8}.Debug|Mixed Platforms.ActiveCfg = Debug|Any CPU
		{155D162E-B22F-49DE-8ACA-94DFDBC9F7E8}.Debug|x64.ActiveCfg = Debug|Any CPU
		{155D162E-B22F-49DE-8ACA-94DFDBC9F7E8}.Debug|x64.Build.0 = Debug|Any CPU
		{155D162E-B22F-49DE-8ACA-94DFDBC9F7E8}.Debug|x86.ActiveCfg = Debug|Any CPU
		{155D162E-B22F-49DE-8ACA-94DFDBC9F7E8}.Debug|x86.Build.0 = Debug|Any CPU
		{155D162E-B22F-49DE-8ACA-94DFDBC9F7E8}.Release|Any CPU.ActiveCfg = Release|Any CPU
		{155D162E-B22F-49DE-8ACA-94DFDBC9F7E8}.Release|Any CPU.Build.0 = Release|Any CPU
		{155D162E-B22F-49DE-8ACA-94DFDBC9F7E8}.Release|Mixed Platforms.ActiveCfg = Release|Any CPU
		{155D162E-B22F-49DE-8ACA-94DFDBC9F7E8}.Release|x64.ActiveCfg = Release|Any CPU
		{155D162E-B22F-49DE-8ACA-94DFDBC9F7E8}.Release|x86.ActiveCfg = Release|Any CPU
		{155D162E-B22F-49DE-8ACA-94DFDBC9F7E8}.Release|x86.Build.0 = Release|Any CPU
		{4DC3E3DE-5ED6-4B02-ABF1-B66F77B0DC6B}.Debug|Any CPU.ActiveCfg = Debug|Any CPU
		{4DC3E3DE-5ED6-4B02-ABF1-B66F77B0DC6B}.Debug|Any CPU.Build.0 = Debug|Any CPU
		{4DC3E3DE-5ED6-4B02-ABF1-B66F77B0DC6B}.Debug|Mixed Platforms.ActiveCfg = Debug|Any CPU
		{4DC3E3DE-5ED6-4B02-ABF1-B66F77B0DC6B}.Debug|Mixed Platforms.Build.0 = Debug|Any CPU
		{4DC3E3DE-5ED6-4B02-ABF1-B66F77B0DC6B}.Debug|x64.ActiveCfg = Debug|Any CPU
		{4DC3E3DE-5ED6-4B02-ABF1-B66F77B0DC6B}.Debug|x64.Build.0 = Debug|Any CPU
		{4DC3E3DE-5ED6-4B02-ABF1-B66F77B0DC6B}.Debug|x86.ActiveCfg = Debug|Any CPU
		{4DC3E3DE-5ED6-4B02-ABF1-B66F77B0DC6B}.Debug|x86.Build.0 = Debug|Any CPU
		{4DC3E3DE-5ED6-4B02-ABF1-B66F77B0DC6B}.Release|Any CPU.ActiveCfg = Release|Any CPU
		{4DC3E3DE-5ED6-4B02-ABF1-B66F77B0DC6B}.Release|Any CPU.Build.0 = Release|Any CPU
		{4DC3E3DE-5ED6-4B02-ABF1-B66F77B0DC6B}.Release|Mixed Platforms.ActiveCfg = Release|Any CPU
		{4DC3E3DE-5ED6-4B02-ABF1-B66F77B0DC6B}.Release|Mixed Platforms.Build.0 = Release|Any CPU
		{4DC3E3DE-5ED6-4B02-ABF1-B66F77B0DC6B}.Release|x64.ActiveCfg = Release|Any CPU
		{4DC3E3DE-5ED6-4B02-ABF1-B66F77B0DC6B}.Release|x64.Build.0 = Release|Any CPU
		{4DC3E3DE-5ED6-4B02-ABF1-B66F77B0DC6B}.Release|x86.ActiveCfg = Release|Any CPU
		{4DC3E3DE-5ED6-4B02-ABF1-B66F77B0DC6B}.Release|x86.Build.0 = Release|Any CPU
		{79C3D98E-24B6-473C-AA19-C5D272C20883}.Debug|Any CPU.ActiveCfg = Debug|Any CPU
		{79C3D98E-24B6-473C-AA19-C5D272C20883}.Debug|Any CPU.Build.0 = Debug|Any CPU
		{79C3D98E-24B6-473C-AA19-C5D272C20883}.Debug|Mixed Platforms.ActiveCfg = Debug|Any CPU
		{79C3D98E-24B6-473C-AA19-C5D272C20883}.Debug|Mixed Platforms.Build.0 = Debug|Any CPU
		{79C3D98E-24B6-473C-AA19-C5D272C20883}.Debug|x64.ActiveCfg = Debug|Any CPU
		{79C3D98E-24B6-473C-AA19-C5D272C20883}.Debug|x64.Build.0 = Debug|Any CPU
		{79C3D98E-24B6-473C-AA19-C5D272C20883}.Debug|x86.ActiveCfg = Debug|Any CPU
		{79C3D98E-24B6-473C-AA19-C5D272C20883}.Debug|x86.Build.0 = Debug|Any CPU
		{79C3D98E-24B6-473C-AA19-C5D272C20883}.Release|Any CPU.ActiveCfg = Release|Any CPU
		{79C3D98E-24B6-473C-AA19-C5D272C20883}.Release|Any CPU.Build.0 = Release|Any CPU
		{79C3D98E-24B6-473C-AA19-C5D272C20883}.Release|Mixed Platforms.ActiveCfg = Release|Any CPU
		{79C3D98E-24B6-473C-AA19-C5D272C20883}.Release|Mixed Platforms.Build.0 = Release|Any CPU
		{79C3D98E-24B6-473C-AA19-C5D272C20883}.Release|x64.ActiveCfg = Release|Any CPU
		{79C3D98E-24B6-473C-AA19-C5D272C20883}.Release|x64.Build.0 = Release|Any CPU
		{79C3D98E-24B6-473C-AA19-C5D272C20883}.Release|x86.ActiveCfg = Release|Any CPU
		{79C3D98E-24B6-473C-AA19-C5D272C20883}.Release|x86.Build.0 = Release|Any CPU
		{18396CBF-0500-4924-AC33-9ED359CA60D7}.Debug|Any CPU.ActiveCfg = Debug|Any CPU
		{18396CBF-0500-4924-AC33-9ED359CA60D7}.Debug|Any CPU.Build.0 = Debug|Any CPU
		{18396CBF-0500-4924-AC33-9ED359CA60D7}.Debug|Mixed Platforms.ActiveCfg = Debug|Any CPU
		{18396CBF-0500-4924-AC33-9ED359CA60D7}.Debug|Mixed Platforms.Build.0 = Debug|Any CPU
		{18396CBF-0500-4924-AC33-9ED359CA60D7}.Debug|x64.ActiveCfg = Debug|Any CPU
		{18396CBF-0500-4924-AC33-9ED359CA60D7}.Debug|x64.Build.0 = Debug|Any CPU
		{18396CBF-0500-4924-AC33-9ED359CA60D7}.Debug|x86.ActiveCfg = Debug|Any CPU
		{18396CBF-0500-4924-AC33-9ED359CA60D7}.Debug|x86.Build.0 = Debug|Any CPU
		{18396CBF-0500-4924-AC33-9ED359CA60D7}.Release|Any CPU.ActiveCfg = Release|Any CPU
		{18396CBF-0500-4924-AC33-9ED359CA60D7}.Release|Any CPU.Build.0 = Release|Any CPU
		{18396CBF-0500-4924-AC33-9ED359CA60D7}.Release|Mixed Platforms.ActiveCfg = Release|Any CPU
		{18396CBF-0500-4924-AC33-9ED359CA60D7}.Release|Mixed Platforms.Build.0 = Release|Any CPU
		{18396CBF-0500-4924-AC33-9ED359CA60D7}.Release|x64.ActiveCfg = Release|Any CPU
		{18396CBF-0500-4924-AC33-9ED359CA60D7}.Release|x64.Build.0 = Release|Any CPU
		{18396CBF-0500-4924-AC33-9ED359CA60D7}.Release|x86.ActiveCfg = Release|Any CPU
		{18396CBF-0500-4924-AC33-9ED359CA60D7}.Release|x86.Build.0 = Release|Any CPU
		{B10BD6DE-255F-4628-9942-09C7EE59F162}.Debug|Any CPU.ActiveCfg = Debug|Any CPU
		{B10BD6DE-255F-4628-9942-09C7EE59F162}.Debug|Any CPU.Build.0 = Debug|Any CPU
		{B10BD6DE-255F-4628-9942-09C7EE59F162}.Debug|Mixed Platforms.ActiveCfg = Debug|Any CPU
		{B10BD6DE-255F-4628-9942-09C7EE59F162}.Debug|Mixed Platforms.Build.0 = Debug|Any CPU
		{B10BD6DE-255F-4628-9942-09C7EE59F162}.Debug|x64.ActiveCfg = Debug|Any CPU
		{B10BD6DE-255F-4628-9942-09C7EE59F162}.Debug|x64.Build.0 = Debug|Any CPU
		{B10BD6DE-255F-4628-9942-09C7EE59F162}.Debug|x86.ActiveCfg = Debug|Any CPU
		{B10BD6DE-255F-4628-9942-09C7EE59F162}.Debug|x86.Build.0 = Debug|Any CPU
		{B10BD6DE-255F-4628-9942-09C7EE59F162}.Release|Any CPU.ActiveCfg = Release|Any CPU
		{B10BD6DE-255F-4628-9942-09C7EE59F162}.Release|Any CPU.Build.0 = Release|Any CPU
		{B10BD6DE-255F-4628-9942-09C7EE59F162}.Release|Mixed Platforms.ActiveCfg = Release|Any CPU
		{B10BD6DE-255F-4628-9942-09C7EE59F162}.Release|Mixed Platforms.Build.0 = Release|Any CPU
		{B10BD6DE-255F-4628-9942-09C7EE59F162}.Release|x64.ActiveCfg = Release|Any CPU
		{B10BD6DE-255F-4628-9942-09C7EE59F162}.Release|x64.Build.0 = Release|Any CPU
		{B10BD6DE-255F-4628-9942-09C7EE59F162}.Release|x86.ActiveCfg = Release|Any CPU
		{B10BD6DE-255F-4628-9942-09C7EE59F162}.Release|x86.Build.0 = Release|Any CPU
		{7E569C06-1C0D-407C-8DFD-1386D810E330}.Debug|Any CPU.ActiveCfg = Debug|Any CPU
		{7E569C06-1C0D-407C-8DFD-1386D810E330}.Debug|Any CPU.Build.0 = Debug|Any CPU
		{7E569C06-1C0D-407C-8DFD-1386D810E330}.Debug|Mixed Platforms.ActiveCfg = Debug|Any CPU
		{7E569C06-1C0D-407C-8DFD-1386D810E330}.Debug|Mixed Platforms.Build.0 = Debug|Any CPU
		{7E569C06-1C0D-407C-8DFD-1386D810E330}.Debug|x64.ActiveCfg = Debug|Any CPU
		{7E569C06-1C0D-407C-8DFD-1386D810E330}.Debug|x64.Build.0 = Debug|Any CPU
		{7E569C06-1C0D-407C-8DFD-1386D810E330}.Debug|x86.ActiveCfg = Debug|Any CPU
		{7E569C06-1C0D-407C-8DFD-1386D810E330}.Debug|x86.Build.0 = Debug|Any CPU
		{7E569C06-1C0D-407C-8DFD-1386D810E330}.Release|Any CPU.ActiveCfg = Release|Any CPU
		{7E569C06-1C0D-407C-8DFD-1386D810E330}.Release|Any CPU.Build.0 = Release|Any CPU
		{7E569C06-1C0D-407C-8DFD-1386D810E330}.Release|Mixed Platforms.ActiveCfg = Release|Any CPU
		{7E569C06-1C0D-407C-8DFD-1386D810E330}.Release|Mixed Platforms.Build.0 = Release|Any CPU
		{7E569C06-1C0D-407C-8DFD-1386D810E330}.Release|x64.ActiveCfg = Release|Any CPU
		{7E569C06-1C0D-407C-8DFD-1386D810E330}.Release|x64.Build.0 = Release|Any CPU
		{7E569C06-1C0D-407C-8DFD-1386D810E330}.Release|x86.ActiveCfg = Release|Any CPU
		{7E569C06-1C0D-407C-8DFD-1386D810E330}.Release|x86.Build.0 = Release|Any CPU
		{1CB7107D-88C4-4759-8158-243C5273EC3E}.Debug|Any CPU.ActiveCfg = Debug|Any CPU
		{1CB7107D-88C4-4759-8158-243C5273EC3E}.Debug|Any CPU.Build.0 = Debug|Any CPU
		{1CB7107D-88C4-4759-8158-243C5273EC3E}.Debug|Mixed Platforms.ActiveCfg = Debug|Any CPU
		{1CB7107D-88C4-4759-8158-243C5273EC3E}.Debug|Mixed Platforms.Build.0 = Debug|Any CPU
		{1CB7107D-88C4-4759-8158-243C5273EC3E}.Debug|x64.ActiveCfg = Debug|Any CPU
		{1CB7107D-88C4-4759-8158-243C5273EC3E}.Debug|x64.Build.0 = Debug|Any CPU
		{1CB7107D-88C4-4759-8158-243C5273EC3E}.Debug|x86.ActiveCfg = Debug|Any CPU
		{1CB7107D-88C4-4759-8158-243C5273EC3E}.Debug|x86.Build.0 = Debug|Any CPU
		{1CB7107D-88C4-4759-8158-243C5273EC3E}.Release|Any CPU.ActiveCfg = Release|Any CPU
		{1CB7107D-88C4-4759-8158-243C5273EC3E}.Release|Any CPU.Build.0 = Release|Any CPU
		{1CB7107D-88C4-4759-8158-243C5273EC3E}.Release|Mixed Platforms.ActiveCfg = Release|Any CPU
		{1CB7107D-88C4-4759-8158-243C5273EC3E}.Release|Mixed Platforms.Build.0 = Release|Any CPU
		{1CB7107D-88C4-4759-8158-243C5273EC3E}.Release|x64.ActiveCfg = Release|Any CPU
		{1CB7107D-88C4-4759-8158-243C5273EC3E}.Release|x64.Build.0 = Release|Any CPU
		{1CB7107D-88C4-4759-8158-243C5273EC3E}.Release|x86.ActiveCfg = Release|Any CPU
		{1CB7107D-88C4-4759-8158-243C5273EC3E}.Release|x86.Build.0 = Release|Any CPU
		{5821977D-AC2C-4912-BCD0-6E6B1A756167}.Debug|Any CPU.ActiveCfg = Debug|Any CPU
		{5821977D-AC2C-4912-BCD0-6E6B1A756167}.Debug|Any CPU.Build.0 = Debug|Any CPU
		{5821977D-AC2C-4912-BCD0-6E6B1A756167}.Debug|Mixed Platforms.ActiveCfg = Debug|Any CPU
		{5821977D-AC2C-4912-BCD0-6E6B1A756167}.Debug|Mixed Platforms.Build.0 = Debug|Any CPU
		{5821977D-AC2C-4912-BCD0-6E6B1A756167}.Debug|x64.ActiveCfg = Debug|Any CPU
		{5821977D-AC2C-4912-BCD0-6E6B1A756167}.Debug|x64.Build.0 = Debug|Any CPU
		{5821977D-AC2C-4912-BCD0-6E6B1A756167}.Debug|x86.ActiveCfg = Debug|Any CPU
		{5821977D-AC2C-4912-BCD0-6E6B1A756167}.Debug|x86.Build.0 = Debug|Any CPU
		{5821977D-AC2C-4912-BCD0-6E6B1A756167}.Release|Any CPU.ActiveCfg = Release|Any CPU
		{5821977D-AC2C-4912-BCD0-6E6B1A756167}.Release|Any CPU.Build.0 = Release|Any CPU
		{5821977D-AC2C-4912-BCD0-6E6B1A756167}.Release|Mixed Platforms.ActiveCfg = Release|Any CPU
		{5821977D-AC2C-4912-BCD0-6E6B1A756167}.Release|Mixed Platforms.Build.0 = Release|Any CPU
		{5821977D-AC2C-4912-BCD0-6E6B1A756167}.Release|x64.ActiveCfg = Release|Any CPU
		{5821977D-AC2C-4912-BCD0-6E6B1A756167}.Release|x64.Build.0 = Release|Any CPU
		{5821977D-AC2C-4912-BCD0-6E6B1A756167}.Release|x86.ActiveCfg = Release|Any CPU
		{5821977D-AC2C-4912-BCD0-6E6B1A756167}.Release|x86.Build.0 = Release|Any CPU
		{20D526C9-683E-44EC-910E-FBCA1FE4EA2F}.Debug|Any CPU.ActiveCfg = Debug|Any CPU
		{20D526C9-683E-44EC-910E-FBCA1FE4EA2F}.Debug|Any CPU.Build.0 = Debug|Any CPU
		{20D526C9-683E-44EC-910E-FBCA1FE4EA2F}.Debug|Mixed Platforms.ActiveCfg = Debug|Any CPU
		{20D526C9-683E-44EC-910E-FBCA1FE4EA2F}.Debug|Mixed Platforms.Build.0 = Debug|Any CPU
		{20D526C9-683E-44EC-910E-FBCA1FE4EA2F}.Debug|x64.ActiveCfg = Debug|Any CPU
		{20D526C9-683E-44EC-910E-FBCA1FE4EA2F}.Debug|x64.Build.0 = Debug|Any CPU
		{20D526C9-683E-44EC-910E-FBCA1FE4EA2F}.Debug|x86.ActiveCfg = Debug|Any CPU
		{20D526C9-683E-44EC-910E-FBCA1FE4EA2F}.Debug|x86.Build.0 = Debug|Any CPU
		{20D526C9-683E-44EC-910E-FBCA1FE4EA2F}.Release|Any CPU.ActiveCfg = Release|Any CPU
		{20D526C9-683E-44EC-910E-FBCA1FE4EA2F}.Release|Any CPU.Build.0 = Release|Any CPU
		{20D526C9-683E-44EC-910E-FBCA1FE4EA2F}.Release|Mixed Platforms.ActiveCfg = Release|Any CPU
		{20D526C9-683E-44EC-910E-FBCA1FE4EA2F}.Release|Mixed Platforms.Build.0 = Release|Any CPU
		{20D526C9-683E-44EC-910E-FBCA1FE4EA2F}.Release|x64.ActiveCfg = Release|Any CPU
		{20D526C9-683E-44EC-910E-FBCA1FE4EA2F}.Release|x64.Build.0 = Release|Any CPU
		{20D526C9-683E-44EC-910E-FBCA1FE4EA2F}.Release|x86.ActiveCfg = Release|Any CPU
		{20D526C9-683E-44EC-910E-FBCA1FE4EA2F}.Release|x86.Build.0 = Release|Any CPU
		{026CA12F-1A70-430B-AA9F-846D4D461B91}.Debug|Any CPU.ActiveCfg = Debug|Any CPU
		{026CA12F-1A70-430B-AA9F-846D4D461B91}.Debug|Any CPU.Build.0 = Debug|Any CPU
		{026CA12F-1A70-430B-AA9F-846D4D461B91}.Debug|Mixed Platforms.ActiveCfg = Debug|Any CPU
		{026CA12F-1A70-430B-AA9F-846D4D461B91}.Debug|Mixed Platforms.Build.0 = Debug|Any CPU
		{026CA12F-1A70-430B-AA9F-846D4D461B91}.Debug|x64.ActiveCfg = Debug|Any CPU
		{026CA12F-1A70-430B-AA9F-846D4D461B91}.Debug|x64.Build.0 = Debug|Any CPU
		{026CA12F-1A70-430B-AA9F-846D4D461B91}.Debug|x86.ActiveCfg = Debug|Any CPU
		{026CA12F-1A70-430B-AA9F-846D4D461B91}.Debug|x86.Build.0 = Debug|Any CPU
		{026CA12F-1A70-430B-AA9F-846D4D461B91}.Release|Any CPU.ActiveCfg = Release|Any CPU
		{026CA12F-1A70-430B-AA9F-846D4D461B91}.Release|Any CPU.Build.0 = Release|Any CPU
		{026CA12F-1A70-430B-AA9F-846D4D461B91}.Release|Mixed Platforms.ActiveCfg = Release|Any CPU
		{026CA12F-1A70-430B-AA9F-846D4D461B91}.Release|Mixed Platforms.Build.0 = Release|Any CPU
		{026CA12F-1A70-430B-AA9F-846D4D461B91}.Release|x64.ActiveCfg = Release|Any CPU
		{026CA12F-1A70-430B-AA9F-846D4D461B91}.Release|x64.Build.0 = Release|Any CPU
		{026CA12F-1A70-430B-AA9F-846D4D461B91}.Release|x86.ActiveCfg = Release|Any CPU
		{026CA12F-1A70-430B-AA9F-846D4D461B91}.Release|x86.Build.0 = Release|Any CPU
		{05799F72-74F5-4CFF-AD96-D997DCBF6D87}.Debug|Any CPU.ActiveCfg = Debug|Any CPU
		{05799F72-74F5-4CFF-AD96-D997DCBF6D87}.Debug|Any CPU.Build.0 = Debug|Any CPU
		{05799F72-74F5-4CFF-AD96-D997DCBF6D87}.Debug|Mixed Platforms.ActiveCfg = Debug|Any CPU
		{05799F72-74F5-4CFF-AD96-D997DCBF6D87}.Debug|Mixed Platforms.Build.0 = Debug|Any CPU
		{05799F72-74F5-4CFF-AD96-D997DCBF6D87}.Debug|x64.ActiveCfg = Debug|Any CPU
		{05799F72-74F5-4CFF-AD96-D997DCBF6D87}.Debug|x64.Build.0 = Debug|Any CPU
		{05799F72-74F5-4CFF-AD96-D997DCBF6D87}.Debug|x86.ActiveCfg = Debug|Any CPU
		{05799F72-74F5-4CFF-AD96-D997DCBF6D87}.Debug|x86.Build.0 = Debug|Any CPU
		{05799F72-74F5-4CFF-AD96-D997DCBF6D87}.Release|Any CPU.ActiveCfg = Release|Any CPU
		{05799F72-74F5-4CFF-AD96-D997DCBF6D87}.Release|Any CPU.Build.0 = Release|Any CPU
		{05799F72-74F5-4CFF-AD96-D997DCBF6D87}.Release|Mixed Platforms.ActiveCfg = Release|Any CPU
		{05799F72-74F5-4CFF-AD96-D997DCBF6D87}.Release|Mixed Platforms.Build.0 = Release|Any CPU
		{05799F72-74F5-4CFF-AD96-D997DCBF6D87}.Release|x64.ActiveCfg = Release|Any CPU
		{05799F72-74F5-4CFF-AD96-D997DCBF6D87}.Release|x64.Build.0 = Release|Any CPU
		{05799F72-74F5-4CFF-AD96-D997DCBF6D87}.Release|x86.ActiveCfg = Release|Any CPU
		{05799F72-74F5-4CFF-AD96-D997DCBF6D87}.Release|x86.Build.0 = Release|Any CPU
		{7E4C0181-C13E-4E45-8996-6017C3B90C81}.Debug|Any CPU.ActiveCfg = Debug|Any CPU
		{7E4C0181-C13E-4E45-8996-6017C3B90C81}.Debug|Any CPU.Build.0 = Debug|Any CPU
		{7E4C0181-C13E-4E45-8996-6017C3B90C81}.Debug|Mixed Platforms.ActiveCfg = Debug|Any CPU
		{7E4C0181-C13E-4E45-8996-6017C3B90C81}.Debug|Mixed Platforms.Build.0 = Debug|Any CPU
		{7E4C0181-C13E-4E45-8996-6017C3B90C81}.Debug|x64.ActiveCfg = Debug|Any CPU
		{7E4C0181-C13E-4E45-8996-6017C3B90C81}.Debug|x64.Build.0 = Debug|Any CPU
		{7E4C0181-C13E-4E45-8996-6017C3B90C81}.Debug|x86.ActiveCfg = Debug|Any CPU
		{7E4C0181-C13E-4E45-8996-6017C3B90C81}.Debug|x86.Build.0 = Debug|Any CPU
		{7E4C0181-C13E-4E45-8996-6017C3B90C81}.Release|Any CPU.ActiveCfg = Release|Any CPU
		{7E4C0181-C13E-4E45-8996-6017C3B90C81}.Release|Any CPU.Build.0 = Release|Any CPU
		{7E4C0181-C13E-4E45-8996-6017C3B90C81}.Release|Mixed Platforms.ActiveCfg = Release|Any CPU
		{7E4C0181-C13E-4E45-8996-6017C3B90C81}.Release|Mixed Platforms.Build.0 = Release|Any CPU
		{7E4C0181-C13E-4E45-8996-6017C3B90C81}.Release|x64.ActiveCfg = Release|Any CPU
		{7E4C0181-C13E-4E45-8996-6017C3B90C81}.Release|x64.Build.0 = Release|Any CPU
		{7E4C0181-C13E-4E45-8996-6017C3B90C81}.Release|x86.ActiveCfg = Release|Any CPU
		{7E4C0181-C13E-4E45-8996-6017C3B90C81}.Release|x86.Build.0 = Release|Any CPU
		{772D1251-32E5-448D-8D00-C27199CC637A}.Debug|Any CPU.ActiveCfg = Debug|Any CPU
		{772D1251-32E5-448D-8D00-C27199CC637A}.Debug|Any CPU.Build.0 = Debug|Any CPU
		{772D1251-32E5-448D-8D00-C27199CC637A}.Debug|Mixed Platforms.ActiveCfg = Debug|Any CPU
		{772D1251-32E5-448D-8D00-C27199CC637A}.Debug|Mixed Platforms.Build.0 = Debug|Any CPU
		{772D1251-32E5-448D-8D00-C27199CC637A}.Debug|x64.ActiveCfg = Debug|Any CPU
		{772D1251-32E5-448D-8D00-C27199CC637A}.Debug|x64.Build.0 = Debug|Any CPU
		{772D1251-32E5-448D-8D00-C27199CC637A}.Debug|x86.ActiveCfg = Debug|Any CPU
		{772D1251-32E5-448D-8D00-C27199CC637A}.Debug|x86.Build.0 = Debug|Any CPU
		{772D1251-32E5-448D-8D00-C27199CC637A}.Release|Any CPU.ActiveCfg = Release|Any CPU
		{772D1251-32E5-448D-8D00-C27199CC637A}.Release|Any CPU.Build.0 = Release|Any CPU
		{772D1251-32E5-448D-8D00-C27199CC637A}.Release|Mixed Platforms.ActiveCfg = Release|Any CPU
		{772D1251-32E5-448D-8D00-C27199CC637A}.Release|Mixed Platforms.Build.0 = Release|Any CPU
		{772D1251-32E5-448D-8D00-C27199CC637A}.Release|x64.ActiveCfg = Release|Any CPU
		{772D1251-32E5-448D-8D00-C27199CC637A}.Release|x64.Build.0 = Release|Any CPU
		{772D1251-32E5-448D-8D00-C27199CC637A}.Release|x86.ActiveCfg = Release|Any CPU
		{772D1251-32E5-448D-8D00-C27199CC637A}.Release|x86.Build.0 = Release|Any CPU
		{E38E73FA-0774-4647-B317-B22D7DDD03CC}.Debug|Any CPU.ActiveCfg = Debug|Any CPU
		{E38E73FA-0774-4647-B317-B22D7DDD03CC}.Debug|Any CPU.Build.0 = Debug|Any CPU
		{E38E73FA-0774-4647-B317-B22D7DDD03CC}.Debug|Mixed Platforms.ActiveCfg = Debug|Any CPU
		{E38E73FA-0774-4647-B317-B22D7DDD03CC}.Debug|Mixed Platforms.Build.0 = Debug|Any CPU
		{E38E73FA-0774-4647-B317-B22D7DDD03CC}.Debug|x64.ActiveCfg = Debug|Any CPU
		{E38E73FA-0774-4647-B317-B22D7DDD03CC}.Debug|x64.Build.0 = Debug|Any CPU
		{E38E73FA-0774-4647-B317-B22D7DDD03CC}.Debug|x86.ActiveCfg = Debug|Any CPU
		{E38E73FA-0774-4647-B317-B22D7DDD03CC}.Debug|x86.Build.0 = Debug|Any CPU
		{E38E73FA-0774-4647-B317-B22D7DDD03CC}.Release|Any CPU.ActiveCfg = Release|Any CPU
		{E38E73FA-0774-4647-B317-B22D7DDD03CC}.Release|Any CPU.Build.0 = Release|Any CPU
		{E38E73FA-0774-4647-B317-B22D7DDD03CC}.Release|Mixed Platforms.ActiveCfg = Release|Any CPU
		{E38E73FA-0774-4647-B317-B22D7DDD03CC}.Release|Mixed Platforms.Build.0 = Release|Any CPU
		{E38E73FA-0774-4647-B317-B22D7DDD03CC}.Release|x64.ActiveCfg = Release|Any CPU
		{E38E73FA-0774-4647-B317-B22D7DDD03CC}.Release|x64.Build.0 = Release|Any CPU
		{E38E73FA-0774-4647-B317-B22D7DDD03CC}.Release|x86.ActiveCfg = Release|Any CPU
		{E38E73FA-0774-4647-B317-B22D7DDD03CC}.Release|x86.Build.0 = Release|Any CPU
		{8B7748F5-00F9-4C17-BA27-9C7706E7BF07}.Debug|Any CPU.ActiveCfg = Debug|Any CPU
		{8B7748F5-00F9-4C17-BA27-9C7706E7BF07}.Debug|Any CPU.Build.0 = Debug|Any CPU
		{8B7748F5-00F9-4C17-BA27-9C7706E7BF07}.Debug|Mixed Platforms.ActiveCfg = Debug|Any CPU
		{8B7748F5-00F9-4C17-BA27-9C7706E7BF07}.Debug|Mixed Platforms.Build.0 = Debug|Any CPU
		{8B7748F5-00F9-4C17-BA27-9C7706E7BF07}.Debug|x64.ActiveCfg = Debug|Any CPU
		{8B7748F5-00F9-4C17-BA27-9C7706E7BF07}.Debug|x64.Build.0 = Debug|Any CPU
		{8B7748F5-00F9-4C17-BA27-9C7706E7BF07}.Debug|x86.ActiveCfg = Debug|Any CPU
		{8B7748F5-00F9-4C17-BA27-9C7706E7BF07}.Debug|x86.Build.0 = Debug|Any CPU
		{8B7748F5-00F9-4C17-BA27-9C7706E7BF07}.Release|Any CPU.ActiveCfg = Release|Any CPU
		{8B7748F5-00F9-4C17-BA27-9C7706E7BF07}.Release|Any CPU.Build.0 = Release|Any CPU
		{8B7748F5-00F9-4C17-BA27-9C7706E7BF07}.Release|Mixed Platforms.ActiveCfg = Release|Any CPU
		{8B7748F5-00F9-4C17-BA27-9C7706E7BF07}.Release|Mixed Platforms.Build.0 = Release|Any CPU
		{8B7748F5-00F9-4C17-BA27-9C7706E7BF07}.Release|x64.ActiveCfg = Release|Any CPU
		{8B7748F5-00F9-4C17-BA27-9C7706E7BF07}.Release|x64.Build.0 = Release|Any CPU
		{8B7748F5-00F9-4C17-BA27-9C7706E7BF07}.Release|x86.ActiveCfg = Release|Any CPU
		{8B7748F5-00F9-4C17-BA27-9C7706E7BF07}.Release|x86.Build.0 = Release|Any CPU
		{2440D45D-6122-4661-82FE-E127129C6CB3}.Debug|Any CPU.ActiveCfg = Debug|Any CPU
		{2440D45D-6122-4661-82FE-E127129C6CB3}.Debug|Any CPU.Build.0 = Debug|Any CPU
		{2440D45D-6122-4661-82FE-E127129C6CB3}.Debug|Mixed Platforms.ActiveCfg = Debug|Any CPU
		{2440D45D-6122-4661-82FE-E127129C6CB3}.Debug|Mixed Platforms.Build.0 = Debug|Any CPU
		{2440D45D-6122-4661-82FE-E127129C6CB3}.Debug|x64.ActiveCfg = Debug|Any CPU
		{2440D45D-6122-4661-82FE-E127129C6CB3}.Debug|x64.Build.0 = Debug|Any CPU
		{2440D45D-6122-4661-82FE-E127129C6CB3}.Debug|x86.ActiveCfg = Debug|Any CPU
		{2440D45D-6122-4661-82FE-E127129C6CB3}.Debug|x86.Build.0 = Debug|Any CPU
		{2440D45D-6122-4661-82FE-E127129C6CB3}.Release|Any CPU.ActiveCfg = Release|Any CPU
		{2440D45D-6122-4661-82FE-E127129C6CB3}.Release|Any CPU.Build.0 = Release|Any CPU
		{2440D45D-6122-4661-82FE-E127129C6CB3}.Release|Mixed Platforms.ActiveCfg = Release|Any CPU
		{2440D45D-6122-4661-82FE-E127129C6CB3}.Release|Mixed Platforms.Build.0 = Release|Any CPU
		{2440D45D-6122-4661-82FE-E127129C6CB3}.Release|x64.ActiveCfg = Release|Any CPU
		{2440D45D-6122-4661-82FE-E127129C6CB3}.Release|x64.Build.0 = Release|Any CPU
		{2440D45D-6122-4661-82FE-E127129C6CB3}.Release|x86.ActiveCfg = Release|Any CPU
		{2440D45D-6122-4661-82FE-E127129C6CB3}.Release|x86.Build.0 = Release|Any CPU
		{B6601454-C94C-45B0-AADE-6A71F6C9C71C}.Debug|Any CPU.ActiveCfg = Debug|Any CPU
		{B6601454-C94C-45B0-AADE-6A71F6C9C71C}.Debug|Any CPU.Build.0 = Debug|Any CPU
		{B6601454-C94C-45B0-AADE-6A71F6C9C71C}.Debug|Mixed Platforms.ActiveCfg = Debug|Any CPU
		{B6601454-C94C-45B0-AADE-6A71F6C9C71C}.Debug|Mixed Platforms.Build.0 = Debug|Any CPU
		{B6601454-C94C-45B0-AADE-6A71F6C9C71C}.Debug|x64.ActiveCfg = Debug|Any CPU
		{B6601454-C94C-45B0-AADE-6A71F6C9C71C}.Debug|x64.Build.0 = Debug|Any CPU
		{B6601454-C94C-45B0-AADE-6A71F6C9C71C}.Debug|x86.ActiveCfg = Debug|Any CPU
		{B6601454-C94C-45B0-AADE-6A71F6C9C71C}.Debug|x86.Build.0 = Debug|Any CPU
		{B6601454-C94C-45B0-AADE-6A71F6C9C71C}.Release|Any CPU.ActiveCfg = Release|Any CPU
		{B6601454-C94C-45B0-AADE-6A71F6C9C71C}.Release|Any CPU.Build.0 = Release|Any CPU
		{B6601454-C94C-45B0-AADE-6A71F6C9C71C}.Release|Mixed Platforms.ActiveCfg = Release|Any CPU
		{B6601454-C94C-45B0-AADE-6A71F6C9C71C}.Release|Mixed Platforms.Build.0 = Release|Any CPU
		{B6601454-C94C-45B0-AADE-6A71F6C9C71C}.Release|x64.ActiveCfg = Release|Any CPU
		{B6601454-C94C-45B0-AADE-6A71F6C9C71C}.Release|x64.Build.0 = Release|Any CPU
		{B6601454-C94C-45B0-AADE-6A71F6C9C71C}.Release|x86.ActiveCfg = Release|Any CPU
		{B6601454-C94C-45B0-AADE-6A71F6C9C71C}.Release|x86.Build.0 = Release|Any CPU
		{012C3A18-3C63-4422-BBBD-52F63F55B644}.Debug|Any CPU.ActiveCfg = Debug|Any CPU
		{012C3A18-3C63-4422-BBBD-52F63F55B644}.Debug|Any CPU.Build.0 = Debug|Any CPU
		{012C3A18-3C63-4422-BBBD-52F63F55B644}.Debug|Mixed Platforms.ActiveCfg = Debug|Any CPU
		{012C3A18-3C63-4422-BBBD-52F63F55B644}.Debug|Mixed Platforms.Build.0 = Debug|Any CPU
		{012C3A18-3C63-4422-BBBD-52F63F55B644}.Debug|x64.ActiveCfg = Debug|Any CPU
		{012C3A18-3C63-4422-BBBD-52F63F55B644}.Debug|x64.Build.0 = Debug|Any CPU
		{012C3A18-3C63-4422-BBBD-52F63F55B644}.Debug|x86.ActiveCfg = Debug|Any CPU
		{012C3A18-3C63-4422-BBBD-52F63F55B644}.Debug|x86.Build.0 = Debug|Any CPU
		{012C3A18-3C63-4422-BBBD-52F63F55B644}.Release|Any CPU.ActiveCfg = Release|Any CPU
		{012C3A18-3C63-4422-BBBD-52F63F55B644}.Release|Any CPU.Build.0 = Release|Any CPU
		{012C3A18-3C63-4422-BBBD-52F63F55B644}.Release|Mixed Platforms.ActiveCfg = Release|Any CPU
		{012C3A18-3C63-4422-BBBD-52F63F55B644}.Release|Mixed Platforms.Build.0 = Release|Any CPU
		{012C3A18-3C63-4422-BBBD-52F63F55B644}.Release|x64.ActiveCfg = Release|Any CPU
		{012C3A18-3C63-4422-BBBD-52F63F55B644}.Release|x64.Build.0 = Release|Any CPU
		{012C3A18-3C63-4422-BBBD-52F63F55B644}.Release|x86.ActiveCfg = Release|Any CPU
		{012C3A18-3C63-4422-BBBD-52F63F55B644}.Release|x86.Build.0 = Release|Any CPU
		{5D2F57F1-8B91-46BC-BB57-DA6DA2056C4C}.Debug|Any CPU.ActiveCfg = Debug|Any CPU
		{5D2F57F1-8B91-46BC-BB57-DA6DA2056C4C}.Debug|Any CPU.Build.0 = Debug|Any CPU
		{5D2F57F1-8B91-46BC-BB57-DA6DA2056C4C}.Debug|Mixed Platforms.ActiveCfg = Debug|Any CPU
		{5D2F57F1-8B91-46BC-BB57-DA6DA2056C4C}.Debug|Mixed Platforms.Build.0 = Debug|Any CPU
		{5D2F57F1-8B91-46BC-BB57-DA6DA2056C4C}.Debug|x64.ActiveCfg = Debug|Any CPU
		{5D2F57F1-8B91-46BC-BB57-DA6DA2056C4C}.Debug|x64.Build.0 = Debug|Any CPU
		{5D2F57F1-8B91-46BC-BB57-DA6DA2056C4C}.Debug|x86.ActiveCfg = Debug|Any CPU
		{5D2F57F1-8B91-46BC-BB57-DA6DA2056C4C}.Debug|x86.Build.0 = Debug|Any CPU
		{5D2F57F1-8B91-46BC-BB57-DA6DA2056C4C}.Release|Any CPU.ActiveCfg = Release|Any CPU
		{5D2F57F1-8B91-46BC-BB57-DA6DA2056C4C}.Release|Any CPU.Build.0 = Release|Any CPU
		{5D2F57F1-8B91-46BC-BB57-DA6DA2056C4C}.Release|Mixed Platforms.ActiveCfg = Release|Any CPU
		{5D2F57F1-8B91-46BC-BB57-DA6DA2056C4C}.Release|Mixed Platforms.Build.0 = Release|Any CPU
		{5D2F57F1-8B91-46BC-BB57-DA6DA2056C4C}.Release|x64.ActiveCfg = Release|Any CPU
		{5D2F57F1-8B91-46BC-BB57-DA6DA2056C4C}.Release|x64.Build.0 = Release|Any CPU
		{5D2F57F1-8B91-46BC-BB57-DA6DA2056C4C}.Release|x86.ActiveCfg = Release|Any CPU
		{5D2F57F1-8B91-46BC-BB57-DA6DA2056C4C}.Release|x86.Build.0 = Release|Any CPU
		{6E8A53E8-C202-47D5-A310-918A2ED8D863}.Debug|Any CPU.ActiveCfg = Debug|Any CPU
		{6E8A53E8-C202-47D5-A310-918A2ED8D863}.Debug|Any CPU.Build.0 = Debug|Any CPU
		{6E8A53E8-C202-47D5-A310-918A2ED8D863}.Debug|Mixed Platforms.ActiveCfg = Debug|Any CPU
		{6E8A53E8-C202-47D5-A310-918A2ED8D863}.Debug|Mixed Platforms.Build.0 = Debug|Any CPU
		{6E8A53E8-C202-47D5-A310-918A2ED8D863}.Debug|x64.ActiveCfg = Debug|Any CPU
		{6E8A53E8-C202-47D5-A310-918A2ED8D863}.Debug|x64.Build.0 = Debug|Any CPU
		{6E8A53E8-C202-47D5-A310-918A2ED8D863}.Debug|x86.ActiveCfg = Debug|Any CPU
		{6E8A53E8-C202-47D5-A310-918A2ED8D863}.Debug|x86.Build.0 = Debug|Any CPU
		{6E8A53E8-C202-47D5-A310-918A2ED8D863}.Release|Any CPU.ActiveCfg = Release|Any CPU
		{6E8A53E8-C202-47D5-A310-918A2ED8D863}.Release|Any CPU.Build.0 = Release|Any CPU
		{6E8A53E8-C202-47D5-A310-918A2ED8D863}.Release|Mixed Platforms.ActiveCfg = Release|Any CPU
		{6E8A53E8-C202-47D5-A310-918A2ED8D863}.Release|Mixed Platforms.Build.0 = Release|Any CPU
		{6E8A53E8-C202-47D5-A310-918A2ED8D863}.Release|x64.ActiveCfg = Release|Any CPU
		{6E8A53E8-C202-47D5-A310-918A2ED8D863}.Release|x64.Build.0 = Release|Any CPU
		{6E8A53E8-C202-47D5-A310-918A2ED8D863}.Release|x86.ActiveCfg = Release|Any CPU
		{6E8A53E8-C202-47D5-A310-918A2ED8D863}.Release|x86.Build.0 = Release|Any CPU
		{CB76CFD6-1D41-4AF5-9112-66647A5F20B7}.Debug|Any CPU.ActiveCfg = Debug|Any CPU
		{CB76CFD6-1D41-4AF5-9112-66647A5F20B7}.Debug|Any CPU.Build.0 = Debug|Any CPU
		{CB76CFD6-1D41-4AF5-9112-66647A5F20B7}.Debug|Mixed Platforms.ActiveCfg = Debug|Any CPU
		{CB76CFD6-1D41-4AF5-9112-66647A5F20B7}.Debug|Mixed Platforms.Build.0 = Debug|Any CPU
		{CB76CFD6-1D41-4AF5-9112-66647A5F20B7}.Debug|x64.ActiveCfg = Debug|Any CPU
		{CB76CFD6-1D41-4AF5-9112-66647A5F20B7}.Debug|x64.Build.0 = Debug|Any CPU
		{CB76CFD6-1D41-4AF5-9112-66647A5F20B7}.Debug|x86.ActiveCfg = Debug|Any CPU
		{CB76CFD6-1D41-4AF5-9112-66647A5F20B7}.Debug|x86.Build.0 = Debug|Any CPU
		{CB76CFD6-1D41-4AF5-9112-66647A5F20B7}.Release|Any CPU.ActiveCfg = Release|Any CPU
		{CB76CFD6-1D41-4AF5-9112-66647A5F20B7}.Release|Any CPU.Build.0 = Release|Any CPU
		{CB76CFD6-1D41-4AF5-9112-66647A5F20B7}.Release|Mixed Platforms.ActiveCfg = Release|Any CPU
		{CB76CFD6-1D41-4AF5-9112-66647A5F20B7}.Release|Mixed Platforms.Build.0 = Release|Any CPU
		{CB76CFD6-1D41-4AF5-9112-66647A5F20B7}.Release|x64.ActiveCfg = Release|Any CPU
		{CB76CFD6-1D41-4AF5-9112-66647A5F20B7}.Release|x64.Build.0 = Release|Any CPU
		{CB76CFD6-1D41-4AF5-9112-66647A5F20B7}.Release|x86.ActiveCfg = Release|Any CPU
		{CB76CFD6-1D41-4AF5-9112-66647A5F20B7}.Release|x86.Build.0 = Release|Any CPU
	EndGlobalSection
	GlobalSection(SolutionProperties) = preSolution
		HideSolutionNode = FALSE
	EndGlobalSection
	GlobalSection(NestedProjects) = preSolution
		{1A64E6F9-903C-416C-B322-1B5C5D997001} = {69B72FFA-D190-4C4C-8E6D-5C12E72E8515}
		{CB04169B-970F-4AD6-8854-050FCBDFDAF0} = {F2EBE54E-32B0-4FA9-8B7C-9C2502DC5F7C}
		{4BAD4F1B-28C9-4C71-8282-894D2C1CD7F1} = {F2EBE54E-32B0-4FA9-8B7C-9C2502DC5F7C}
		{7FD63752-881B-4147-BC48-83DEBE13EC01} = {F2EBE54E-32B0-4FA9-8B7C-9C2502DC5F7C}
		{EF80C1E3-4017-4019-BA8C-411723C462B4} = {9B52CFB9-24E2-4113-91C4-DE7DD46A0B6C}
		{D9FFC405-8711-4288-ADF7-7144475CD5EC} = {9B52CFB9-24E2-4113-91C4-DE7DD46A0B6C}
		{B9D5BCA5-B181-41E6-B5C6-7192F54DDC21} = {9B52CFB9-24E2-4113-91C4-DE7DD46A0B6C}
		{30194B7E-6D02-418E-A40D-7DD268849CC8} = {9B52CFB9-24E2-4113-91C4-DE7DD46A0B6C}
		{1547F11A-F3C7-4F92-AE9E-D9783FCD8A5D} = {9B52CFB9-24E2-4113-91C4-DE7DD46A0B6C}
		{E952FD65-D1DA-4637-AFFD-DA73F990C5FD} = {9B52CFB9-24E2-4113-91C4-DE7DD46A0B6C}
		{16359F77-6806-4055-A555-C9C5CF3142DD} = {9B52CFB9-24E2-4113-91C4-DE7DD46A0B6C}
		{ED728C10-7122-46FF-9278-4174A2098CF3} = {9B52CFB9-24E2-4113-91C4-DE7DD46A0B6C}
		{A9564CF3-228C-4CC7-9A8B-4B518907305B} = {9B52CFB9-24E2-4113-91C4-DE7DD46A0B6C}
		{0A9E56E7-B6EB-483D-A508-F04B34CC874F} = {9B52CFB9-24E2-4113-91C4-DE7DD46A0B6C}
		{55EFB5B8-DA1F-4B4B-B92A-BBE905106580} = {9B52CFB9-24E2-4113-91C4-DE7DD46A0B6C}
		{26F6ECF9-4369-417B-8CF2-54FA92DF3660} = {F300A5B7-26F3-4D3E-9EF5-33EBE722C289}
		{4282D6F4-EFD2-418A-BE9F-74F09B7A45D8} = {7DBCC461-0477-468B-A676-ED647B097BA4}
		{EC4DE05E-1EB8-4205-A7C3-8FBF31E14D66} = {9B52CFB9-24E2-4113-91C4-DE7DD46A0B6C}
		{D4C2F34D-4D3D-43AE-84F0-E80CFEDB1B48} = {7541485A-F1E4-457C-8913-03E8B6A1D2C8}
		{155D162E-B22F-49DE-8ACA-94DFDBC9F7E8} = {7541485A-F1E4-457C-8913-03E8B6A1D2C8}
		{4DC3E3DE-5ED6-4B02-ABF1-B66F77B0DC6B} = {7541485A-F1E4-457C-8913-03E8B6A1D2C8}
		{18396CBF-0500-4924-AC33-9ED359CA60D7} = {7541485A-F1E4-457C-8913-03E8B6A1D2C8}
		{B10BD6DE-255F-4628-9942-09C7EE59F162} = {9B52CFB9-24E2-4113-91C4-DE7DD46A0B6C}
		{7E569C06-1C0D-407C-8DFD-1386D810E330} = {9B52CFB9-24E2-4113-91C4-DE7DD46A0B6C}
		{1CB7107D-88C4-4759-8158-243C5273EC3E} = {9B52CFB9-24E2-4113-91C4-DE7DD46A0B6C}
		{20D526C9-683E-44EC-910E-FBCA1FE4EA2F} = {9B52CFB9-24E2-4113-91C4-DE7DD46A0B6C}
		{026CA12F-1A70-430B-AA9F-846D4D461B91} = {9B52CFB9-24E2-4113-91C4-DE7DD46A0B6C}
		{05799F72-74F5-4CFF-AD96-D997DCBF6D87} = {9B52CFB9-24E2-4113-91C4-DE7DD46A0B6C}
		{7E4C0181-C13E-4E45-8996-6017C3B90C81} = {9B52CFB9-24E2-4113-91C4-DE7DD46A0B6C}
		{772D1251-32E5-448D-8D00-C27199CC637A} = {9B52CFB9-24E2-4113-91C4-DE7DD46A0B6C}
		{E38E73FA-0774-4647-B317-B22D7DDD03CC} = {9B52CFB9-24E2-4113-91C4-DE7DD46A0B6C}
		{8B7748F5-00F9-4C17-BA27-9C7706E7BF07} = {9B52CFB9-24E2-4113-91C4-DE7DD46A0B6C}
		{2440D45D-6122-4661-82FE-E127129C6CB3} = {9B52CFB9-24E2-4113-91C4-DE7DD46A0B6C}
		{B6601454-C94C-45B0-AADE-6A71F6C9C71C} = {9B52CFB9-24E2-4113-91C4-DE7DD46A0B6C}
		{6E8A53E8-C202-47D5-A310-918A2ED8D863} = {9B52CFB9-24E2-4113-91C4-DE7DD46A0B6C}
		{CB76CFD6-1D41-4AF5-9112-66647A5F20B7} = {F300A5B7-26F3-4D3E-9EF5-33EBE722C289}
	EndGlobalSection
EndGlobal
