
Microsoft Visual Studio Solution File, Format Version 12.00
# Visual Studio 14
VisualStudioVersion = 14.0.25420.1
MinimumVisualStudioVersion = 10.0.40219.1
Project("{FAE04EC0-301F-11D3-BF4B-00C04F79EFBC}") = "DXWebReportViewer", "DXWebReportViewer\DXWebReportViewer.csproj", "{1B99D527-1C20-4409-BD3C-73B3C22A26D4}"
EndProject
Project("{FAE04EC0-301F-11D3-BF4B-00C04F79EFBC}") = "ReportGenerator", "ReportGenerator\ReportGenerator.csproj", "{026CA12F-1A70-430B-AA9F-846D4D461B91}"
EndProject
Global
	GlobalSection(SolutionConfigurationPlatforms) = preSolution
		Debug|Any CPU = Debug|Any CPU
		Release|Any CPU = Release|Any CPU
	EndGlobalSection
	GlobalSection(ProjectConfigurationPlatforms) = postSolution
		{1B99D527-1C20-4409-BD3C-73B3C22A26D4}.Debug|Any CPU.ActiveCfg = Debug|Any CPU
		{1B99D527-1C20-4409-BD3C-73B3C22A26D4}.Debug|Any CPU.Build.0 = Debug|Any CPU
		{1B99D527-1C20-4409-BD3C-73B3C22A26D4}.Release|Any CPU.ActiveCfg = Release|Any CPU
		{1B99D527-1C20-4409-BD3C-73B3C22A26D4}.Release|Any CPU.Build.0 = Release|Any CPU
		{026CA12F-1A70-430B-AA9F-846D4D461B91}.Debug|Any CPU.ActiveCfg = Debug|Any CPU
		{026CA12F-1A70-430B-AA9F-846D4D461B91}.Debug|Any CPU.Build.0 = Debug|Any CPU
		{026CA12F-1A70-430B-AA9F-846D4D461B91}.Release|Any CPU.ActiveCfg = Release|Any CPU
		{026CA12F-1A70-430B-AA9F-846D4D461B91}.Release|Any CPU.Build.0 = Release|Any CPU
	EndGlobalSection
	GlobalSection(SolutionProperties) = preSolution
		HideSolutionNode = FALSE
	EndGlobalSection
EndGlobal
