
Microsoft Visual Studio Solution File, Format Version 12.00
# Visual Studio 14
VisualStudioVersion = 14.0.25420.1
MinimumVisualStudioVersion = 10.0.40219.1
Project("{FAE04EC0-301F-11D3-BF4B-00C04F79EFBC}") = "Utils", "Utils.csproj", "{57C85533-C119-4D65-A910-90C70337EB43}"
EndProject
Project("{FAE04EC0-301F-11D3-BF4B-00C04F79EFBC}") = "LibraryExtensions", "..\LibraryExtensions\LibraryExtensions.csproj", "{D4C2F34D-4D3D-43AE-84F0-E80CFEDB1B48}"
EndProject
Global
	GlobalSection(SolutionConfigurationPlatforms) = preSolution
		Debug|Any CPU = Debug|Any CPU
		Debug|x86 = Debug|x86
		Release|Any CPU = Release|Any CPU
		Release|x86 = Release|x86
	EndGlobalSection
	GlobalSection(ProjectConfigurationPlatforms) = postSolution
		{57C85533-C119-4D65-A910-90C70337EB43}.Debug|Any CPU.ActiveCfg = Debug|x86
		{57C85533-C119-4D65-A910-90C70337EB43}.Debug|x86.ActiveCfg = Debug|x86
		{57C85533-C119-4D65-A910-90C70337EB43}.Debug|x86.Build.0 = Debug|x86
		{57C85533-C119-4D65-A910-90C70337EB43}.Release|Any CPU.ActiveCfg = Release|x86
		{57C85533-C119-4D65-A910-90C70337EB43}.Release|x86.ActiveCfg = Release|x86
		{57C85533-C119-4D65-A910-90C70337EB43}.Release|x86.Build.0 = Release|x86
		{D4C2F34D-4D3D-43AE-84F0-E80CFEDB1B48}.Debug|Any CPU.ActiveCfg = Debug|Any CPU
		{D4C2F34D-4D3D-43AE-84F0-E80CFEDB1B48}.Debug|Any CPU.Build.0 = Debug|Any CPU
		{D4C2F34D-4D3D-43AE-84F0-E80CFEDB1B48}.Debug|x86.ActiveCfg = Debug|Any CPU
		{D4C2F34D-4D3D-43AE-84F0-E80CFEDB1B48}.Debug|x86.Build.0 = Debug|Any CPU
		{D4C2F34D-4D3D-43AE-84F0-E80CFEDB1B48}.Release|Any CPU.ActiveCfg = Release|Any CPU
		{D4C2F34D-4D3D-43AE-84F0-E80CFEDB1B48}.Release|Any CPU.Build.0 = Release|Any CPU
		{D4C2F34D-4D3D-43AE-84F0-E80CFEDB1B48}.Release|x86.ActiveCfg = Release|Any CPU
		{D4C2F34D-4D3D-43AE-84F0-E80CFEDB1B48}.Release|x86.Build.0 = Release|Any CPU
	EndGlobalSection
	GlobalSection(SolutionProperties) = preSolution
		HideSolutionNode = FALSE
	EndGlobalSection
EndGlobal
